// !$*UTF8*$!
{
	archiveVersion = 1;
	classes = {
	};
	objectVersion = 46;
	objects = {

/* Begin PBXBuildFile section */
		15A44ED43D5E44D4818E9C9E /* libPods-PlayerSample.a in Frameworks */ = {isa = PBXBuildFile; fileRef = F24E9693AB304D3F9DE0C313 /* libPods-PlayerSample.a */; };
		447087F9105E44D19142000C /* libPods-PlayerSampleFlexions.a in Frameworks */ = {isa = PBXBuildFile; fileRef = DAEB403454494F16A7456E26 /* libPods-PlayerSampleFlexions.a */; };
		D6121FA7CE9341F09A0E1C9E /* libPods-PlayerSample.a in Frameworks */ = {isa = PBXBuildFile; fileRef = F24E9693AB304D3F9DE0C313 /* libPods-PlayerSample.a */; };
		E546A01E182EB5310031882F /* Watt_Misc.m in Sources */ = {isa = PBXBuildFile; fileRef = E546A01D182EB5310031882F /* Watt_Misc.m */; };
		E54FBA201809AB51002B2BAB /* XCTest.framework in Frameworks */ = {isa = PBXBuildFile; fileRef = E54FBA1F1809AB51002B2BAB /* XCTest.framework */; };
		E54FBA211809AB51002B2BAB /* Foundation.framework in Frameworks */ = {isa = PBXBuildFile; fileRef = E5B462461732A4A000E654A1 /* Foundation.framework */; };
		E54FBA221809AB51002B2BAB /* UIKit.framework in Frameworks */ = {isa = PBXBuildFile; fileRef = E5B462441732A4A000E654A1 /* UIKit.framework */; };
		E54FBA281809AB51002B2BAB /* InfoPlist.strings in Resources */ = {isa = PBXBuildFile; fileRef = E54FBA261809AB51002B2BAB /* InfoPlist.strings */; };
		E54FBA2A1809AB51002B2BAB /* Watt_Registry_data_Tests.m in Sources */ = {isa = PBXBuildFile; fileRef = E54FBA291809AB51002B2BAB /* Watt_Registry_data_Tests.m */; };
		E56E248D17D79C54009C2C2C /* AVFoundation.framework in Frameworks */ = {isa = PBXBuildFile; fileRef = E56E248C17D79C54009C2C2C /* AVFoundation.framework */; };
		E56E248F17D79C7C009C2C2C /* CoreAudio.framework in Frameworks */ = {isa = PBXBuildFile; fileRef = E56E248E17D79C7C009C2C2C /* CoreAudio.framework */; };
		E56E249317D7A14B009C2C2C /* CoreAudio.framework in Frameworks */ = {isa = PBXBuildFile; fileRef = E56E248E17D79C7C009C2C2C /* CoreAudio.framework */; };
		E56E249417D7A153009C2C2C /* AVFoundation.framework in Frameworks */ = {isa = PBXBuildFile; fileRef = E56E248C17D79C54009C2C2C /* AVFoundation.framework */; };
		E586EAB51813D80000C77705 /* Watt_Pools_WTM_tests.m in Sources */ = {isa = PBXBuildFile; fileRef = E586EAB41813D80000C77705 /* Watt_Pools_WTM_tests.m */; };
		E586EAB71813DD6300C77705 /* Watt_ACL_tests.m in Sources */ = {isa = PBXBuildFile; fileRef = E586EAB61813DD6300C77705 /* Watt_ACL_tests.m */; };
		E5A9EBF11799242F00976997 /* main.m in Sources */ = {isa = PBXBuildFile; fileRef = E5B462501732A4A000E654A1 /* main.m */; };
		E5A9EBF21799242F00976997 /* WTMAppDelegate.m in Sources */ = {isa = PBXBuildFile; fileRef = E5B462541732A4A000E654A1 /* WTMAppDelegate.m */; };
		E5A9EBF31799242F00976997 /* WTMViewController.m in Sources */ = {isa = PBXBuildFile; fileRef = E5C5D9461746719200A6A46F /* WTMViewController.m */; };
		E5A9EC241799242F00976997 /* UIKit.framework in Frameworks */ = {isa = PBXBuildFile; fileRef = E5B462441732A4A000E654A1 /* UIKit.framework */; };
		E5A9EC251799242F00976997 /* Foundation.framework in Frameworks */ = {isa = PBXBuildFile; fileRef = E5B462461732A4A000E654A1 /* Foundation.framework */; };
		E5A9EC261799242F00976997 /* CoreGraphics.framework in Frameworks */ = {isa = PBXBuildFile; fileRef = E5B462481732A4A000E654A1 /* CoreGraphics.framework */; };
		E5A9EC291799242F00976997 /* InfoPlist.strings in Resources */ = {isa = PBXBuildFile; fileRef = E5B4624D1732A4A000E654A1 /* InfoPlist.strings */; };
		E5A9EC2A1799242F00976997 /* Default.png in Resources */ = {isa = PBXBuildFile; fileRef = E5B462561732A4A000E654A1 /* Default.png */; };
		E5A9EC2B1799242F00976997 /* Default@2x.png in Resources */ = {isa = PBXBuildFile; fileRef = E5B462581732A4A000E654A1 /* Default@2x.png */; };
		E5A9EC2C1799242F00976997 /* Default-568h@2x.png in Resources */ = {isa = PBXBuildFile; fileRef = E5B4625A1732A4A000E654A1 /* Default-568h@2x.png */; };
		E5A9EC2D1799242F00976997 /* MainStoryboard_iPhone.storyboard in Resources */ = {isa = PBXBuildFile; fileRef = E5B4625C1732A4A000E654A1 /* MainStoryboard_iPhone.storyboard */; };
		E5A9EC2E1799242F00976997 /* MainStoryboard_iPad.storyboard in Resources */ = {isa = PBXBuildFile; fileRef = E5B4625F1732A4A000E654A1 /* MainStoryboard_iPad.storyboard */; };
		E5B462451732A4A000E654A1 /* UIKit.framework in Frameworks */ = {isa = PBXBuildFile; fileRef = E5B462441732A4A000E654A1 /* UIKit.framework */; };
		E5B462471732A4A000E654A1 /* Foundation.framework in Frameworks */ = {isa = PBXBuildFile; fileRef = E5B462461732A4A000E654A1 /* Foundation.framework */; };
		E5B462491732A4A000E654A1 /* CoreGraphics.framework in Frameworks */ = {isa = PBXBuildFile; fileRef = E5B462481732A4A000E654A1 /* CoreGraphics.framework */; };
		E5B4624F1732A4A000E654A1 /* InfoPlist.strings in Resources */ = {isa = PBXBuildFile; fileRef = E5B4624D1732A4A000E654A1 /* InfoPlist.strings */; };
		E5B462511732A4A000E654A1 /* main.m in Sources */ = {isa = PBXBuildFile; fileRef = E5B462501732A4A000E654A1 /* main.m */; };
		E5B462551732A4A000E654A1 /* WTMAppDelegate.m in Sources */ = {isa = PBXBuildFile; fileRef = E5B462541732A4A000E654A1 /* WTMAppDelegate.m */; };
		E5B462571732A4A000E654A1 /* Default.png in Resources */ = {isa = PBXBuildFile; fileRef = E5B462561732A4A000E654A1 /* Default.png */; };
		E5B462591732A4A000E654A1 /* Default@2x.png in Resources */ = {isa = PBXBuildFile; fileRef = E5B462581732A4A000E654A1 /* Default@2x.png */; };
		E5B4625B1732A4A000E654A1 /* Default-568h@2x.png in Resources */ = {isa = PBXBuildFile; fileRef = E5B4625A1732A4A000E654A1 /* Default-568h@2x.png */; };
		E5B4625E1732A4A000E654A1 /* MainStoryboard_iPhone.storyboard in Resources */ = {isa = PBXBuildFile; fileRef = E5B4625C1732A4A000E654A1 /* MainStoryboard_iPhone.storyboard */; };
		E5B462611732A4A000E654A1 /* MainStoryboard_iPad.storyboard in Resources */ = {isa = PBXBuildFile; fileRef = E5B4625F1732A4A000E654A1 /* MainStoryboard_iPad.storyboard */; };
		E5C5D9471746719200A6A46F /* WTMViewController.m in Sources */ = {isa = PBXBuildFile; fileRef = E5C5D9461746719200A6A46F /* WTMViewController.m */; };
		FF0AD5BD8FB1459CB3E91419 /* libPods-PlayerSample.a in Frameworks */ = {isa = PBXBuildFile; fileRef = F24E9693AB304D3F9DE0C313 /* libPods-PlayerSample.a */; };
/* End PBXBuildFile section */

/* Begin PBXContainerItemProxy section */
		E5E801CA181E683200EDA7A7 /* PBXContainerItemProxy */ = {
			isa = PBXContainerItemProxy;
			containerPortal = E5B462391732A4A000E654A1 /* Project object */;
			proxyType = 1;
			remoteGlobalIDString = E5B462401732A4A000E654A1;
			remoteInfo = PlayerSample;
		};
/* End PBXContainerItemProxy section */

/* Begin PBXFileReference section */
		4D765C0724FF40EB85ED90BC /* libPods.a */ = {isa = PBXFileReference; explicitFileType = archive.ar; includeInIndex = 0; path = libPods.a; sourceTree = BUILT_PRODUCTS_DIR; };
		4D98F5FF2B1C382F6D0114FA /* Pods-PlayerSample.release.xcconfig */ = {isa = PBXFileReference; includeInIndex = 1; lastKnownFileType = text.xcconfig; name = "Pods-PlayerSample.release.xcconfig"; path = "../Pods/Target Support Files/Pods-PlayerSample/Pods-PlayerSample.release.xcconfig"; sourceTree = "<group>"; };
		7A172954227362C0823BEE0A /* Pods-PlayerSample.debug.xcconfig */ = {isa = PBXFileReference; includeInIndex = 1; lastKnownFileType = text.xcconfig; name = "Pods-PlayerSample.debug.xcconfig"; path = "../Pods/Target Support Files/Pods-PlayerSample/Pods-PlayerSample.debug.xcconfig"; sourceTree = "<group>"; };
		DAEB403454494F16A7456E26 /* libPods-PlayerSampleFlexions.a */ = {isa = PBXFileReference; explicitFileType = archive.ar; includeInIndex = 0; path = "libPods-PlayerSampleFlexions.a"; sourceTree = BUILT_PRODUCTS_DIR; };
		E546A01D182EB5310031882F /* Watt_Misc.m */ = {isa = PBXFileReference; fileEncoding = 4; lastKnownFileType = sourcecode.c.objc; path = Watt_Misc.m; sourceTree = "<group>"; };
		E54FBA1E1809AB51002B2BAB /* PlayerSample Tests.xctest */ = {isa = PBXFileReference; explicitFileType = wrapper.cfbundle; includeInIndex = 0; path = "PlayerSample Tests.xctest"; sourceTree = BUILT_PRODUCTS_DIR; };
		E54FBA1F1809AB51002B2BAB /* XCTest.framework */ = {isa = PBXFileReference; lastKnownFileType = wrapper.framework; name = XCTest.framework; path = Library/Frameworks/XCTest.framework; sourceTree = DEVELOPER_DIR; };
		E54FBA251809AB51002B2BAB /* PlayerSample Tests-Info.plist */ = {isa = PBXFileReference; lastKnownFileType = text.plist.xml; path = "PlayerSample Tests-Info.plist"; sourceTree = "<group>"; };
		E54FBA271809AB51002B2BAB /* en */ = {isa = PBXFileReference; lastKnownFileType = text.plist.strings; name = en; path = en.lproj/InfoPlist.strings; sourceTree = "<group>"; };
		E54FBA291809AB51002B2BAB /* Watt_Registry_data_Tests.m */ = {isa = PBXFileReference; lastKnownFileType = sourcecode.c.objc; path = Watt_Registry_data_Tests.m; sourceTree = "<group>"; };
		E54FBA2B1809AB51002B2BAB /* PlayerSample Tests-Prefix.pch */ = {isa = PBXFileReference; lastKnownFileType = sourcecode.c.h; path = "PlayerSample Tests-Prefix.pch"; sourceTree = "<group>"; };
		E56E248C17D79C54009C2C2C /* AVFoundation.framework */ = {isa = PBXFileReference; lastKnownFileType = wrapper.framework; name = AVFoundation.framework; path = System/Library/Frameworks/AVFoundation.framework; sourceTree = SDKROOT; };
		E56E248E17D79C7C009C2C2C /* CoreAudio.framework */ = {isa = PBXFileReference; lastKnownFileType = wrapper.framework; name = CoreAudio.framework; path = System/Library/Frameworks/CoreAudio.framework; sourceTree = SDKROOT; };
		E586EAB41813D80000C77705 /* Watt_Pools_WTM_tests.m */ = {isa = PBXFileReference; fileEncoding = 4; lastKnownFileType = sourcecode.c.objc; path = Watt_Pools_WTM_tests.m; sourceTree = "<group>"; };
		E586EAB61813DD6300C77705 /* Watt_ACL_tests.m */ = {isa = PBXFileReference; fileEncoding = 4; lastKnownFileType = sourcecode.c.objc; path = Watt_ACL_tests.m; sourceTree = "<group>"; };
		E5A9EC331799242F00976997 /* PlayerSampleFlexions.app */ = {isa = PBXFileReference; explicitFileType = wrapper.application; includeInIndex = 0; path = PlayerSampleFlexions.app; sourceTree = BUILT_PRODUCTS_DIR; };
		E5B462411732A4A000E654A1 /* PlayerSample.app */ = {isa = PBXFileReference; explicitFileType = wrapper.application; includeInIndex = 0; path = PlayerSample.app; sourceTree = BUILT_PRODUCTS_DIR; };
		E5B462441732A4A000E654A1 /* UIKit.framework */ = {isa = PBXFileReference; lastKnownFileType = wrapper.framework; name = UIKit.framework; path = System/Library/Frameworks/UIKit.framework; sourceTree = SDKROOT; };
		E5B462461732A4A000E654A1 /* Foundation.framework */ = {isa = PBXFileReference; lastKnownFileType = wrapper.framework; name = Foundation.framework; path = System/Library/Frameworks/Foundation.framework; sourceTree = SDKROOT; };
		E5B462481732A4A000E654A1 /* CoreGraphics.framework */ = {isa = PBXFileReference; lastKnownFileType = wrapper.framework; name = CoreGraphics.framework; path = System/Library/Frameworks/CoreGraphics.framework; sourceTree = SDKROOT; };
		E5B4624C1732A4A000E654A1 /* PlayerSample-Info.plist */ = {isa = PBXFileReference; lastKnownFileType = text.plist.xml; path = "PlayerSample-Info.plist"; sourceTree = "<group>"; };
		E5B4624E1732A4A000E654A1 /* en */ = {isa = PBXFileReference; lastKnownFileType = text.plist.strings; name = en; path = en.lproj/InfoPlist.strings; sourceTree = "<group>"; };
		E5B462501732A4A000E654A1 /* main.m */ = {isa = PBXFileReference; lastKnownFileType = sourcecode.c.objc; path = main.m; sourceTree = "<group>"; };
		E5B462521732A4A000E654A1 /* PlayerSample-Prefix.pch */ = {isa = PBXFileReference; lastKnownFileType = sourcecode.c.h; path = "PlayerSample-Prefix.pch"; sourceTree = "<group>"; };
		E5B462531732A4A000E654A1 /* WTMAppDelegate.h */ = {isa = PBXFileReference; lastKnownFileType = sourcecode.c.h; path = WTMAppDelegate.h; sourceTree = "<group>"; };
		E5B462541732A4A000E654A1 /* WTMAppDelegate.m */ = {isa = PBXFileReference; lastKnownFileType = sourcecode.c.objc; path = WTMAppDelegate.m; sourceTree = "<group>"; };
		E5B462561732A4A000E654A1 /* Default.png */ = {isa = PBXFileReference; lastKnownFileType = image.png; path = Default.png; sourceTree = "<group>"; };
		E5B462581732A4A000E654A1 /* Default@2x.png */ = {isa = PBXFileReference; lastKnownFileType = image.png; path = "Default@2x.png"; sourceTree = "<group>"; };
		E5B4625A1732A4A000E654A1 /* Default-568h@2x.png */ = {isa = PBXFileReference; lastKnownFileType = image.png; path = "Default-568h@2x.png"; sourceTree = "<group>"; };
		E5B4625D1732A4A000E654A1 /* en */ = {isa = PBXFileReference; lastKnownFileType = file.storyboard; name = en; path = en.lproj/MainStoryboard_iPhone.storyboard; sourceTree = "<group>"; };
		E5B462601732A4A000E654A1 /* en */ = {isa = PBXFileReference; lastKnownFileType = file.storyboard; name = en; path = en.lproj/MainStoryboard_iPad.storyboard; sourceTree = "<group>"; };
		E5C5D9451746719200A6A46F /* WTMViewController.h */ = {isa = PBXFileReference; fileEncoding = 4; lastKnownFileType = sourcecode.c.h; path = WTMViewController.h; sourceTree = "<group>"; };
		E5C5D9461746719200A6A46F /* WTMViewController.m */ = {isa = PBXFileReference; fileEncoding = 4; lastKnownFileType = sourcecode.c.objc; path = WTMViewController.m; sourceTree = "<group>"; };
		E5CAD2E21799A1B800D22369 /* PlayerSampleFlexions-Info.plist */ = {isa = PBXFileReference; fileEncoding = 4; lastKnownFileType = text.plist.xml; path = "PlayerSampleFlexions-Info.plist"; sourceTree = SOURCE_ROOT; };
		F24E9693AB304D3F9DE0C313 /* libPods-PlayerSample.a */ = {isa = PBXFileReference; explicitFileType = archive.ar; includeInIndex = 0; path = "libPods-PlayerSample.a"; sourceTree = BUILT_PRODUCTS_DIR; };
/* End PBXFileReference section */

/* Begin PBXFrameworksBuildPhase section */
		E54FBA1B1809AB51002B2BAB /* Frameworks */ = {
			isa = PBXFrameworksBuildPhase;
			buildActionMask = 2147483647;
			files = (
				E54FBA201809AB51002B2BAB /* XCTest.framework in Frameworks */,
				E54FBA221809AB51002B2BAB /* UIKit.framework in Frameworks */,
				E54FBA211809AB51002B2BAB /* Foundation.framework in Frameworks */,
				D6121FA7CE9341F09A0E1C9E /* libPods-PlayerSample.a in Frameworks */,
			);
			runOnlyForDeploymentPostprocessing = 0;
		};
		E5A9EC231799242F00976997 /* Frameworks */ = {
			isa = PBXFrameworksBuildPhase;
			buildActionMask = 2147483647;
			files = (
				E5A9EC241799242F00976997 /* UIKit.framework in Frameworks */,
				E5A9EC251799242F00976997 /* Foundation.framework in Frameworks */,
				E5A9EC261799242F00976997 /* CoreGraphics.framework in Frameworks */,
				E56E248D17D79C54009C2C2C /* AVFoundation.framework in Frameworks */,
				E56E248F17D79C7C009C2C2C /* CoreAudio.framework in Frameworks */,
				447087F9105E44D19142000C /* libPods-PlayerSampleFlexions.a in Frameworks */,
				15A44ED43D5E44D4818E9C9E /* libPods-PlayerSample.a in Frameworks */,
			);
			runOnlyForDeploymentPostprocessing = 0;
		};
		E5B4623E1732A4A000E654A1 /* Frameworks */ = {
			isa = PBXFrameworksBuildPhase;
			buildActionMask = 2147483647;
			files = (
				E56E249417D7A153009C2C2C /* AVFoundation.framework in Frameworks */,
				E56E249317D7A14B009C2C2C /* CoreAudio.framework in Frameworks */,
				E5B462451732A4A000E654A1 /* UIKit.framework in Frameworks */,
				E5B462471732A4A000E654A1 /* Foundation.framework in Frameworks */,
				E5B462491732A4A000E654A1 /* CoreGraphics.framework in Frameworks */,
				FF0AD5BD8FB1459CB3E91419 /* libPods-PlayerSample.a in Frameworks */,
			);
			runOnlyForDeploymentPostprocessing = 0;
		};
/* End PBXFrameworksBuildPhase section */

/* Begin PBXGroup section */
		E54FBA231809AB51002B2BAB /* PlayerSample Tests */ = {
			isa = PBXGroup;
			children = (
				E546A01D182EB5310031882F /* Watt_Misc.m */,
				E586EAB61813DD6300C77705 /* Watt_ACL_tests.m */,
				E54FBA291809AB51002B2BAB /* Watt_Registry_data_Tests.m */,
				E586EAB41813D80000C77705 /* Watt_Pools_WTM_tests.m */,
				E54FBA241809AB51002B2BAB /* Supporting Files */,
			);
			path = "PlayerSample Tests";
			sourceTree = "<group>";
		};
		E54FBA241809AB51002B2BAB /* Supporting Files */ = {
			isa = PBXGroup;
			children = (
				E54FBA251809AB51002B2BAB /* PlayerSample Tests-Info.plist */,
				E54FBA261809AB51002B2BAB /* InfoPlist.strings */,
				E54FBA2B1809AB51002B2BAB /* PlayerSample Tests-Prefix.pch */,
			);
			name = "Supporting Files";
			sourceTree = "<group>";
		};
		E5B462381732A4A000E654A1 = {
			isa = PBXGroup;
			children = (
				E5B4624A1732A4A000E654A1 /* PlayerSample */,
				E54FBA231809AB51002B2BAB /* PlayerSample Tests */,
				E5B462431732A4A000E654A1 /* Frameworks */,
				E5B462421732A4A000E654A1 /* Products */,
				FD3F3FCBE1803C9BAB8C33E7 /* Pods */,
			);
			sourceTree = "<group>";
		};
		E5B462421732A4A000E654A1 /* Products */ = {
			isa = PBXGroup;
			children = (
				E5B462411732A4A000E654A1 /* PlayerSample.app */,
				E5A9EC331799242F00976997 /* PlayerSampleFlexions.app */,
				E54FBA1E1809AB51002B2BAB /* PlayerSample Tests.xctest */,
			);
			name = Products;
			sourceTree = "<group>";
		};
		E5B462431732A4A000E654A1 /* Frameworks */ = {
			isa = PBXGroup;
			children = (
				E56E248E17D79C7C009C2C2C /* CoreAudio.framework */,
				E56E248C17D79C54009C2C2C /* AVFoundation.framework */,
				E5B462441732A4A000E654A1 /* UIKit.framework */,
				E5B462461732A4A000E654A1 /* Foundation.framework */,
				E5B462481732A4A000E654A1 /* CoreGraphics.framework */,
				4D765C0724FF40EB85ED90BC /* libPods.a */,
				F24E9693AB304D3F9DE0C313 /* libPods-PlayerSample.a */,
				DAEB403454494F16A7456E26 /* libPods-PlayerSampleFlexions.a */,
				E54FBA1F1809AB51002B2BAB /* XCTest.framework */,
			);
			name = Frameworks;
			sourceTree = "<group>";
		};
		E5B4624A1732A4A000E654A1 /* PlayerSample */ = {
			isa = PBXGroup;
			children = (
				E5C5D9451746719200A6A46F /* WTMViewController.h */,
				E5C5D9461746719200A6A46F /* WTMViewController.m */,
				E5B462531732A4A000E654A1 /* WTMAppDelegate.h */,
				E5B462541732A4A000E654A1 /* WTMAppDelegate.m */,
				E5B4625C1732A4A000E654A1 /* MainStoryboard_iPhone.storyboard */,
				E5B4625F1732A4A000E654A1 /* MainStoryboard_iPad.storyboard */,
				E5B4624B1732A4A000E654A1 /* Supporting Files */,
			);
			path = PlayerSample;
			sourceTree = "<group>";
		};
		E5B4624B1732A4A000E654A1 /* Supporting Files */ = {
			isa = PBXGroup;
			children = (
				E5CAD2E21799A1B800D22369 /* PlayerSampleFlexions-Info.plist */,
				E5B4624C1732A4A000E654A1 /* PlayerSample-Info.plist */,
				E5B4624D1732A4A000E654A1 /* InfoPlist.strings */,
				E5B462501732A4A000E654A1 /* main.m */,
				E5B462521732A4A000E654A1 /* PlayerSample-Prefix.pch */,
				E5B462561732A4A000E654A1 /* Default.png */,
				E5B462581732A4A000E654A1 /* Default@2x.png */,
				E5B4625A1732A4A000E654A1 /* Default-568h@2x.png */,
			);
			name = "Supporting Files";
			sourceTree = "<group>";
		};
		FD3F3FCBE1803C9BAB8C33E7 /* Pods */ = {
			isa = PBXGroup;
			children = (
				7A172954227362C0823BEE0A /* Pods-PlayerSample.debug.xcconfig */,
				4D98F5FF2B1C382F6D0114FA /* Pods-PlayerSample.release.xcconfig */,
			);
			name = Pods;
			sourceTree = "<group>";
		};
/* End PBXGroup section */

/* Begin PBXNativeTarget section */
		E54FBA1D1809AB51002B2BAB /* PlayerSample Tests */ = {
			isa = PBXNativeTarget;
			buildConfigurationList = E54FBA301809AB51002B2BAB /* Build configuration list for PBXNativeTarget "PlayerSample Tests" */;
			buildPhases = (
				C73D35B74FE140E79C15EB01 /* Check Pods Manifest.lock */,
				E54FBA1C1809AB51002B2BAB /* Resources */,
				E54FBA1A1809AB51002B2BAB /* Sources */,
				E54FBA1B1809AB51002B2BAB /* Frameworks */,
				CD4B6B936C914D04BD2D2A33 /* Copy Pods Resources */,
			);
			buildRules = (
			);
			dependencies = (
				E5E801CB181E683200EDA7A7 /* PBXTargetDependency */,
			);
			name = "PlayerSample Tests";
			productName = "PlayerSample Tests";
			productReference = E54FBA1E1809AB51002B2BAB /* PlayerSample Tests.xctest */;
			productType = "com.apple.product-type.bundle.unit-test";
		};
		E5A9EBED1799242F00976997 /* PlayerSampleFlexions */ = {
			isa = PBXNativeTarget;
			buildConfigurationList = E5A9EC301799242F00976997 /* Build configuration list for PBXNativeTarget "PlayerSampleFlexions" */;
			buildPhases = (
				E5A9EBEE1799242F00976997 /* Invoke Flexions */,
				538282EF462C439C904D16E0 /* Check Pods Manifest.lock */,
				E5A9EBF01799242F00976997 /* Sources */,
				E5A9EC231799242F00976997 /* Frameworks */,
				E5A9EC281799242F00976997 /* Resources */,
				694484FE90944F84B3400D4E /* Copy Pods Resources */,
			);
			buildRules = (
			);
			dependencies = (
			);
			name = PlayerSampleFlexions;
			productName = PlayerSample;
			productReference = E5A9EC331799242F00976997 /* PlayerSampleFlexions.app */;
			productType = "com.apple.product-type.application";
		};
		E5B462401732A4A000E654A1 /* PlayerSample */ = {
			isa = PBXNativeTarget;
			buildConfigurationList = E5B462671732A4A000E654A1 /* Build configuration list for PBXNativeTarget "PlayerSample" */;
			buildPhases = (
				A22FAC1FB848477EA66B196C /* Check Pods Manifest.lock */,
				E5B4623D1732A4A000E654A1 /* Sources */,
				E5B4623E1732A4A000E654A1 /* Frameworks */,
				E5B4623F1732A4A000E654A1 /* Resources */,
				CE428BA37C3D4665A42F9C63 /* Copy Pods Resources */,
			);
			buildRules = (
			);
			dependencies = (
			);
			name = PlayerSample;
			productName = PlayerSample;
			productReference = E5B462411732A4A000E654A1 /* PlayerSample.app */;
			productType = "com.apple.product-type.application";
		};
/* End PBXNativeTarget section */

/* Begin PBXProject section */
		E5B462391732A4A000E654A1 /* Project object */ = {
			isa = PBXProject;
			attributes = {
				CLASSPREFIX = WTM;
				LastUpgradeCheck = 0500;
				ORGANIZATIONNAME = "Pereira da Silva";
				TargetAttributes = {
					E54FBA1D1809AB51002B2BAB = {
						TestTargetID = E5B462401732A4A000E654A1;
					};
				};
			};
			buildConfigurationList = E5B4623C1732A4A000E654A1 /* Build configuration list for PBXProject "PlayerSample" */;
			compatibilityVersion = "Xcode 3.2";
			developmentRegion = English;
			hasScannedForEncodings = 0;
			knownRegions = (
				en,
			);
			mainGroup = E5B462381732A4A000E654A1;
			productRefGroup = E5B462421732A4A000E654A1 /* Products */;
			projectDirPath = "";
			projectRoot = "";
			targets = (
				E5B462401732A4A000E654A1 /* PlayerSample */,
				E5A9EBED1799242F00976997 /* PlayerSampleFlexions */,
				E54FBA1D1809AB51002B2BAB /* PlayerSample Tests */,
			);
		};
/* End PBXProject section */

/* Begin PBXResourcesBuildPhase section */
		E54FBA1C1809AB51002B2BAB /* Resources */ = {
			isa = PBXResourcesBuildPhase;
			buildActionMask = 2147483647;
			files = (
				E54FBA281809AB51002B2BAB /* InfoPlist.strings in Resources */,
			);
			runOnlyForDeploymentPostprocessing = 0;
		};
		E5A9EC281799242F00976997 /* Resources */ = {
			isa = PBXResourcesBuildPhase;
			buildActionMask = 2147483647;
			files = (
				E5A9EC291799242F00976997 /* InfoPlist.strings in Resources */,
				E5A9EC2A1799242F00976997 /* Default.png in Resources */,
				E5A9EC2B1799242F00976997 /* Default@2x.png in Resources */,
				E5A9EC2C1799242F00976997 /* Default-568h@2x.png in Resources */,
				E5A9EC2D1799242F00976997 /* MainStoryboard_iPhone.storyboard in Resources */,
				E5A9EC2E1799242F00976997 /* MainStoryboard_iPad.storyboard in Resources */,
			);
			runOnlyForDeploymentPostprocessing = 0;
		};
		E5B4623F1732A4A000E654A1 /* Resources */ = {
			isa = PBXResourcesBuildPhase;
			buildActionMask = 2147483647;
			files = (
				E5B4624F1732A4A000E654A1 /* InfoPlist.strings in Resources */,
				E5B462571732A4A000E654A1 /* Default.png in Resources */,
				E5B462591732A4A000E654A1 /* Default@2x.png in Resources */,
				E5B4625B1732A4A000E654A1 /* Default-568h@2x.png in Resources */,
				E5B4625E1732A4A000E654A1 /* MainStoryboard_iPhone.storyboard in Resources */,
				E5B462611732A4A000E654A1 /* MainStoryboard_iPad.storyboard in Resources */,
			);
			runOnlyForDeploymentPostprocessing = 0;
		};
/* End PBXResourcesBuildPhase section */

/* Begin PBXShellScriptBuildPhase section */
		538282EF462C439C904D16E0 /* Check Pods Manifest.lock */ = {
			isa = PBXShellScriptBuildPhase;
			buildActionMask = 2147483647;
			files = (
			);
			inputPaths = (
			);
			name = "Check Pods Manifest.lock";
			outputPaths = (
			);
			runOnlyForDeploymentPostprocessing = 0;
			shellPath = /bin/sh;
			shellScript = "diff \"${PODS_ROOT}/../Podfile.lock\" \"${PODS_ROOT}/Manifest.lock\" > /dev/null\nif [[ $? != 0 ]] ; then\n    cat << EOM\nerror: The sandbox is not in sync with the Podfile.lock. Run 'pod install' or update your CocoaPods installation.\nEOM\n    exit 1\nfi\n";
			showEnvVarsInLog = 0;
		};
		694484FE90944F84B3400D4E /* Copy Pods Resources */ = {
			isa = PBXShellScriptBuildPhase;
			buildActionMask = 2147483647;
			files = (
			);
			inputPaths = (
			);
			name = "Copy Pods Resources";
			outputPaths = (
			);
			runOnlyForDeploymentPostprocessing = 0;
			shellPath = /bin/sh;
			shellScript = "\"${SRCROOT}/../Pods/Target Support Files/Pods-PlayerSample/Pods-PlayerSample-resources.sh\"\n";
			showEnvVarsInLog = 0;
		};
		A22FAC1FB848477EA66B196C /* Check Pods Manifest.lock */ = {
			isa = PBXShellScriptBuildPhase;
			buildActionMask = 2147483647;
			files = (
			);
			inputPaths = (
			);
			name = "Check Pods Manifest.lock";
			outputPaths = (
			);
			runOnlyForDeploymentPostprocessing = 0;
			shellPath = /bin/sh;
			shellScript = "diff \"${PODS_ROOT}/../Podfile.lock\" \"${PODS_ROOT}/Manifest.lock\" > /dev/null\nif [[ $? != 0 ]] ; then\n    cat << EOM\nerror: The sandbox is not in sync with the Podfile.lock. Run 'pod install' or update your CocoaPods installation.\nEOM\n    exit 1\nfi\n";
			showEnvVarsInLog = 0;
		};
		C73D35B74FE140E79C15EB01 /* Check Pods Manifest.lock */ = {
			isa = PBXShellScriptBuildPhase;
			buildActionMask = 2147483647;
			files = (
			);
			inputPaths = (
			);
			name = "Check Pods Manifest.lock";
			outputPaths = (
			);
			runOnlyForDeploymentPostprocessing = 0;
			shellPath = /bin/sh;
			shellScript = "diff \"${PODS_ROOT}/../Podfile.lock\" \"${PODS_ROOT}/Manifest.lock\" > /dev/null\nif [[ $? != 0 ]] ; then\n    cat << EOM\nerror: The sandbox is not in sync with the Podfile.lock. Run 'pod install' or update your CocoaPods installation.\nEOM\n    exit 1\nfi\n";
			showEnvVarsInLog = 0;
		};
		CD4B6B936C914D04BD2D2A33 /* Copy Pods Resources */ = {
			isa = PBXShellScriptBuildPhase;
			buildActionMask = 2147483647;
			files = (
			);
			inputPaths = (
			);
			name = "Copy Pods Resources";
			outputPaths = (
			);
			runOnlyForDeploymentPostprocessing = 0;
			shellPath = /bin/sh;
			shellScript = "\"${SRCROOT}/../Pods/Target Support Files/Pods-PlayerSample/Pods-PlayerSample-resources.sh\"\n";
			showEnvVarsInLog = 0;
		};
		CE428BA37C3D4665A42F9C63 /* Copy Pods Resources */ = {
			isa = PBXShellScriptBuildPhase;
			buildActionMask = 2147483647;
			files = (
			);
			inputPaths = (
			);
			name = "Copy Pods Resources";
			outputPaths = (
			);
			runOnlyForDeploymentPostprocessing = 0;
			shellPath = /bin/sh;
			shellScript = "\"${SRCROOT}/../Pods/Target Support Files/Pods-PlayerSample/Pods-PlayerSample-resources.sh\"\n";
			showEnvVarsInLog = 0;
		};
		E5A9EBEE1799242F00976997 /* Invoke Flexions */ = {
			isa = PBXShellScriptBuildPhase;
			buildActionMask = 2147483647;
			files = (
			);
			inputPaths = (
			);
			name = "Invoke Flexions";
			outputPaths = (
			);
			runOnlyForDeploymentPostprocessing = 0;
			shellPath = /bin/sh;
			shellScript = "cd ../FlexionsWatt/\n. flexions.sh\n\ncd ../FlexionsWTM/\n. flexions.sh\n\n";
		};
/* End PBXShellScriptBuildPhase section */

/* Begin PBXSourcesBuildPhase section */
		E54FBA1A1809AB51002B2BAB /* Sources */ = {
			isa = PBXSourcesBuildPhase;
			buildActionMask = 2147483647;
			files = (
				E546A01E182EB5310031882F /* Watt_Misc.m in Sources */,
				E586EAB71813DD6300C77705 /* Watt_ACL_tests.m in Sources */,
				E54FBA2A1809AB51002B2BAB /* Watt_Registry_data_Tests.m in Sources */,
				E586EAB51813D80000C77705 /* Watt_Pools_WTM_tests.m in Sources */,
			);
			runOnlyForDeploymentPostprocessing = 0;
		};
		E5A9EBF01799242F00976997 /* Sources */ = {
			isa = PBXSourcesBuildPhase;
			buildActionMask = 2147483647;
			files = (
				E5A9EBF11799242F00976997 /* main.m in Sources */,
				E5A9EBF21799242F00976997 /* WTMAppDelegate.m in Sources */,
				E5A9EBF31799242F00976997 /* WTMViewController.m in Sources */,
			);
			runOnlyForDeploymentPostprocessing = 0;
		};
		E5B4623D1732A4A000E654A1 /* Sources */ = {
			isa = PBXSourcesBuildPhase;
			buildActionMask = 2147483647;
			files = (
				E5B462511732A4A000E654A1 /* main.m in Sources */,
				E5B462551732A4A000E654A1 /* WTMAppDelegate.m in Sources */,
				E5C5D9471746719200A6A46F /* WTMViewController.m in Sources */,
			);
			runOnlyForDeploymentPostprocessing = 0;
		};
/* End PBXSourcesBuildPhase section */

/* Begin PBXTargetDependency section */
		E5E801CB181E683200EDA7A7 /* PBXTargetDependency */ = {
			isa = PBXTargetDependency;
			target = E5B462401732A4A000E654A1 /* PlayerSample */;
			targetProxy = E5E801CA181E683200EDA7A7 /* PBXContainerItemProxy */;
		};
/* End PBXTargetDependency section */

/* Begin PBXVariantGroup section */
		E54FBA261809AB51002B2BAB /* InfoPlist.strings */ = {
			isa = PBXVariantGroup;
			children = (
				E54FBA271809AB51002B2BAB /* en */,
			);
			name = InfoPlist.strings;
			sourceTree = "<group>";
		};
		E5B4624D1732A4A000E654A1 /* InfoPlist.strings */ = {
			isa = PBXVariantGroup;
			children = (
				E5B4624E1732A4A000E654A1 /* en */,
			);
			name = InfoPlist.strings;
			sourceTree = "<group>";
		};
		E5B4625C1732A4A000E654A1 /* MainStoryboard_iPhone.storyboard */ = {
			isa = PBXVariantGroup;
			children = (
				E5B4625D1732A4A000E654A1 /* en */,
			);
			name = MainStoryboard_iPhone.storyboard;
			sourceTree = "<group>";
		};
		E5B4625F1732A4A000E654A1 /* MainStoryboard_iPad.storyboard */ = {
			isa = PBXVariantGroup;
			children = (
				E5B462601732A4A000E654A1 /* en */,
			);
			name = MainStoryboard_iPad.storyboard;
			sourceTree = "<group>";
		};
/* End PBXVariantGroup section */

/* Begin XCBuildConfiguration section */
		E54FBA2E1809AB51002B2BAB /* Debug */ = {
			isa = XCBuildConfiguration;
			baseConfigurationReference = 7A172954227362C0823BEE0A /* Pods-PlayerSample.debug.xcconfig */;
			buildSettings = {
				BUNDLE_LOADER = "$(BUILT_PRODUCTS_DIR)/PlayerSample.app/PlayerSample";
				CLANG_ENABLE_MODULES = YES;
				CLANG_WARN_BOOL_CONVERSION = YES;
				CLANG_WARN_DIRECT_OBJC_ISA_USAGE = YES_ERROR;
				CLANG_WARN_OBJC_ROOT_CLASS = YES_ERROR;
				FRAMEWORK_SEARCH_PATHS = (
					"$(SDKROOT)/Developer/Library/Frameworks",
					"$(inherited)",
					"$(DEVELOPER_FRAMEWORKS_DIR)",
				);
				GCC_PRECOMPILE_PREFIX_HEADER = YES;
				GCC_PREFIX_HEADER = "PlayerSample Tests/PlayerSample Tests-Prefix.pch";
				GCC_PREPROCESSOR_DEFINITIONS = (
					"DEBUG=1",
					"$(inherited)",
				);
				GCC_WARN_64_TO_32_BIT_CONVERSION = YES;
				GCC_WARN_ABOUT_RETURN_TYPE = YES_ERROR;
				GCC_WARN_UNDECLARED_SELECTOR = YES;
				GCC_WARN_UNUSED_FUNCTION = YES;
				INFOPLIST_FILE = "PlayerSample Tests/PlayerSample Tests-Info.plist";
				IPHONEOS_DEPLOYMENT_TARGET = 7.0;
				PRODUCT_NAME = "$(TARGET_NAME)";
				TEST_HOST = "$(BUNDLE_LOADER)";
				WRAPPER_EXTENSION = xctest;
			};
			name = Debug;
		};
		E54FBA2F1809AB51002B2BAB /* Release */ = {
			isa = XCBuildConfiguration;
			baseConfigurationReference = 4D98F5FF2B1C382F6D0114FA /* Pods-PlayerSample.release.xcconfig */;
			buildSettings = {
				BUNDLE_LOADER = "$(BUILT_PRODUCTS_DIR)/PlayerSample.app/PlayerSample";
				CLANG_ENABLE_MODULES = YES;
				CLANG_WARN_BOOL_CONVERSION = YES;
				CLANG_WARN_DIRECT_OBJC_ISA_USAGE = YES_ERROR;
				CLANG_WARN_OBJC_ROOT_CLASS = YES_ERROR;
				ENABLE_NS_ASSERTIONS = NO;
				FRAMEWORK_SEARCH_PATHS = (
					"$(SDKROOT)/Developer/Library/Frameworks",
					"$(inherited)",
					"$(DEVELOPER_FRAMEWORKS_DIR)",
				);
				GCC_PRECOMPILE_PREFIX_HEADER = YES;
				GCC_PREFIX_HEADER = "PlayerSample Tests/PlayerSample Tests-Prefix.pch";
				GCC_WARN_64_TO_32_BIT_CONVERSION = YES;
				GCC_WARN_ABOUT_RETURN_TYPE = YES_ERROR;
				GCC_WARN_UNDECLARED_SELECTOR = YES;
				GCC_WARN_UNUSED_FUNCTION = YES;
				INFOPLIST_FILE = "PlayerSample Tests/PlayerSample Tests-Info.plist";
				IPHONEOS_DEPLOYMENT_TARGET = 7.0;
				PRODUCT_NAME = "$(TARGET_NAME)";
				TEST_HOST = "$(BUNDLE_LOADER)";
				WRAPPER_EXTENSION = xctest;
			};
			name = Release;
		};
		E5A9EC311799242F00976997 /* Debug */ = {
			isa = XCBuildConfiguration;
			baseConfigurationReference = 7A172954227362C0823BEE0A /* Pods-PlayerSample.debug.xcconfig */;
			buildSettings = {
				GCC_PRECOMPILE_PREFIX_HEADER = YES;
				GCC_PREFIX_HEADER = "PlayerSample/PlayerSample-Prefix.pch";
				INFOPLIST_FILE = "$(SRCROOT)/PlayerSampleFlexions-Info.plist";
				IPHONEOS_DEPLOYMENT_TARGET = 6.0;
				PRODUCT_NAME = PlayerSampleFlexions;
				WRAPPER_EXTENSION = app;
			};
			name = Debug;
		};
		E5A9EC321799242F00976997 /* Release */ = {
			isa = XCBuildConfiguration;
			baseConfigurationReference = 4D98F5FF2B1C382F6D0114FA /* Pods-PlayerSample.release.xcconfig */;
			buildSettings = {
				GCC_PRECOMPILE_PREFIX_HEADER = YES;
				GCC_PREFIX_HEADER = "PlayerSample/PlayerSample-Prefix.pch";
				INFOPLIST_FILE = "$(SRCROOT)/PlayerSampleFlexions-Info.plist";
				IPHONEOS_DEPLOYMENT_TARGET = 6.0;
				PRODUCT_NAME = PlayerSampleFlexions;
				WRAPPER_EXTENSION = app;
			};
			name = Release;
		};
		E5B462651732A4A000E654A1 /* Debug */ = {
			isa = XCBuildConfiguration;
			buildSettings = {
				ALWAYS_SEARCH_USER_PATHS = NO;
				CLANG_CXX_LANGUAGE_STANDARD = "gnu++0x";
				CLANG_CXX_LIBRARY = "libc++";
				CLANG_ENABLE_OBJC_ARC = YES;
				CLANG_WARN_CONSTANT_CONVERSION = YES;
				CLANG_WARN_EMPTY_BODY = YES;
				CLANG_WARN_ENUM_CONVERSION = YES;
				CLANG_WARN_INT_CONVERSION = YES;
				CLANG_WARN__DUPLICATE_METHOD_MATCH = YES;
				"CODE_SIGN_IDENTITY[sdk=iphoneos*]" = "iPhone Developer";
				COPY_PHASE_STRIP = NO;
				GCC_C_LANGUAGE_STANDARD = gnu99;
				GCC_DYNAMIC_NO_PIC = NO;
				GCC_OPTIMIZATION_LEVEL = 0;
				GCC_PREPROCESSOR_DEFINITIONS = (
					"DEBUG=1",
					"$(inherited)",
				);
				GCC_SYMBOLS_PRIVATE_EXTERN = NO;
				GCC_WARN_ABOUT_RETURN_TYPE = YES;
				GCC_WARN_UNINITIALIZED_AUTOS = YES;
				GCC_WARN_UNUSED_VARIABLE = YES;
				IPHONEOS_DEPLOYMENT_TARGET = 6.1;
				ONLY_ACTIVE_ARCH = YES;
				SDKROOT = iphoneos;
				TARGETED_DEVICE_FAMILY = "1,2";
			};
			name = Debug;
		};
		E5B462661732A4A000E654A1 /* Release */ = {
			isa = XCBuildConfiguration;
			buildSettings = {
				ALWAYS_SEARCH_USER_PATHS = NO;
				CLANG_CXX_LANGUAGE_STANDARD = "gnu++0x";
				CLANG_CXX_LIBRARY = "libc++";
				CLANG_ENABLE_OBJC_ARC = YES;
				CLANG_WARN_CONSTANT_CONVERSION = YES;
				CLANG_WARN_EMPTY_BODY = YES;
				CLANG_WARN_ENUM_CONVERSION = YES;
				CLANG_WARN_INT_CONVERSION = YES;
				CLANG_WARN__DUPLICATE_METHOD_MATCH = YES;
				"CODE_SIGN_IDENTITY[sdk=iphoneos*]" = "iPhone Developer";
				COPY_PHASE_STRIP = YES;
				GCC_C_LANGUAGE_STANDARD = gnu99;
				GCC_WARN_ABOUT_RETURN_TYPE = YES;
				GCC_WARN_UNINITIALIZED_AUTOS = YES;
				GCC_WARN_UNUSED_VARIABLE = YES;
				IPHONEOS_DEPLOYMENT_TARGET = 6.1;
				OTHER_CFLAGS = "-DNS_BLOCK_ASSERTIONS=1";
				SDKROOT = iphoneos;
				TARGETED_DEVICE_FAMILY = "1,2";
				VALIDATE_PRODUCT = YES;
			};
			name = Release;
		};
		E5B462681732A4A000E654A1 /* Debug */ = {
			isa = XCBuildConfiguration;
			baseConfigurationReference = 7A172954227362C0823BEE0A /* Pods-PlayerSample.debug.xcconfig */;
			buildSettings = {
				GCC_PRECOMPILE_PREFIX_HEADER = YES;
				GCC_PREFIX_HEADER = "PlayerSample/PlayerSample-Prefix.pch";
				INFOPLIST_FILE = "PlayerSample/PlayerSample-Info.plist";
				IPHONEOS_DEPLOYMENT_TARGET = 6.0;
				PRODUCT_NAME = "$(TARGET_NAME)";
				WRAPPER_EXTENSION = app;
			};
			name = Debug;
		};
		E5B462691732A4A000E654A1 /* Release */ = {
			isa = XCBuildConfiguration;
			baseConfigurationReference = 4D98F5FF2B1C382F6D0114FA /* Pods-PlayerSample.release.xcconfig */;
			buildSettings = {
				GCC_PRECOMPILE_PREFIX_HEADER = YES;
				GCC_PREFIX_HEADER = "PlayerSample/PlayerSample-Prefix.pch";
				INFOPLIST_FILE = "PlayerSample/PlayerSample-Info.plist";
				IPHONEOS_DEPLOYMENT_TARGET = 6.0;
				PRODUCT_NAME = "$(TARGET_NAME)";
				WRAPPER_EXTENSION = app;
			};
			name = Release;
		};
/* End XCBuildConfiguration section */

/* Begin XCConfigurationList section */
		E54FBA301809AB51002B2BAB /* Build configuration list for PBXNativeTarget "PlayerSample Tests" */ = {
			isa = XCConfigurationList;
			buildConfigurations = (
				E54FBA2E1809AB51002B2BAB /* Debug */,
				E54FBA2F1809AB51002B2BAB /* Release */,
			);
			defaultConfigurationIsVisible = 0;
			defaultConfigurationName = Release;
		};
		E5A9EC301799242F00976997 /* Build configuration list for PBXNativeTarget "PlayerSampleFlexions" */ = {
			isa = XCConfigurationList;
			buildConfigurations = (
				E5A9EC311799242F00976997 /* Debug */,
				E5A9EC321799242F00976997 /* Release */,
			);
			defaultConfigurationIsVisible = 0;
			defaultConfigurationName = Release;
		};
		E5B4623C1732A4A000E654A1 /* Build configuration list for PBXProject "PlayerSample" */ = {
			isa = XCConfigurationList;
			buildConfigurations = (
				E5B462651732A4A000E654A1 /* Debug */,
				E5B462661732A4A000E654A1 /* Release */,
			);
			defaultConfigurationIsVisible = 0;
			defaultConfigurationName = Release;
		};
		E5B462671732A4A000E654A1 /* Build configuration list for PBXNativeTarget "PlayerSample" */ = {
			isa = XCConfigurationList;
			buildConfigurations = (
				E5B462681732A4A000E654A1 /* Debug */,
				E5B462691732A4A000E654A1 /* Release */,
			);
			defaultConfigurationIsVisible = 0;
			defaultConfigurationName = Release;
		};
/* End XCConfigurationList section */
	};
	rootObject = E5B462391732A4A000E654A1 /* Project object */;
}
