// !$*UTF8*$!
{
	archiveVersion = 1;
	classes = {
	};
	objectVersion = 46;
	objects = {

/* Begin PBXBuildFile section */
		E538835C177C8FE700A14201 /* WTMMenu.m in Sources */ = {isa = PBXBuildFile; fileRef = E538835B177C8FE700A14201 /* WTMMenu.m */; };
		E538835F177C95E300A14201 /* WTMCollectionOfMenu.m in Sources */ = {isa = PBXBuildFile; fileRef = E538835E177C95E300A14201 /* WTMCollectionOfMenu.m */; };
		E5388362177C95EB00A14201 /* WTMMenuSection.m in Sources */ = {isa = PBXBuildFile; fileRef = E5388361177C95EB00A14201 /* WTMMenuSection.m */; };
		E542BA07177C43B800B4F6C5 /* WTMAction.m in Sources */ = {isa = PBXBuildFile; fileRef = E542B9C0177C43B700B4F6C5 /* WTMAction.m */; };
		E542BA08177C43B800B4F6C5 /* WTMAction.m in Sources */ = {isa = PBXBuildFile; fileRef = E542B9C0177C43B700B4F6C5 /* WTMAction.m */; };
		E542BA09177C43B800B4F6C5 /* WTMActivity.m in Sources */ = {isa = PBXBuildFile; fileRef = E542B9C2177C43B700B4F6C5 /* WTMActivity.m */; };
		E542BA0A177C43B800B4F6C5 /* WTMActivity.m in Sources */ = {isa = PBXBuildFile; fileRef = E542B9C2177C43B700B4F6C5 /* WTMActivity.m */; };
		E542BA0B177C43B800B4F6C5 /* WTMAsset.m in Sources */ = {isa = PBXBuildFile; fileRef = E542B9C4177C43B700B4F6C5 /* WTMAsset.m */; };
		E542BA0C177C43B800B4F6C5 /* WTMAsset.m in Sources */ = {isa = PBXBuildFile; fileRef = E542B9C4177C43B700B4F6C5 /* WTMAsset.m */; };
		E542BA0D177C43B800B4F6C5 /* WTMBehavior.m in Sources */ = {isa = PBXBuildFile; fileRef = E542B9C6177C43B700B4F6C5 /* WTMBehavior.m */; };
		E542BA0E177C43B800B4F6C5 /* WTMBehavior.m in Sources */ = {isa = PBXBuildFile; fileRef = E542B9C6177C43B700B4F6C5 /* WTMBehavior.m */; };
		E542BA0F177C43B800B4F6C5 /* WTMCollectionOfActivity.m in Sources */ = {isa = PBXBuildFile; fileRef = E542B9C8177C43B700B4F6C5 /* WTMCollectionOfActivity.m */; };
		E542BA10177C43B800B4F6C5 /* WTMCollectionOfActivity.m in Sources */ = {isa = PBXBuildFile; fileRef = E542B9C8177C43B700B4F6C5 /* WTMCollectionOfActivity.m */; };
		E542BA11177C43B800B4F6C5 /* WTMCollectionOfDatum.m in Sources */ = {isa = PBXBuildFile; fileRef = E542B9CA177C43B700B4F6C5 /* WTMCollectionOfDatum.m */; };
		E542BA12177C43B800B4F6C5 /* WTMCollectionOfDatum.m in Sources */ = {isa = PBXBuildFile; fileRef = E542B9CA177C43B700B4F6C5 /* WTMCollectionOfDatum.m */; };
		E542BA13177C43B800B4F6C5 /* WTMCollectionOfElement.m in Sources */ = {isa = PBXBuildFile; fileRef = E542B9CC177C43B700B4F6C5 /* WTMCollectionOfElement.m */; };
		E542BA14177C43B800B4F6C5 /* WTMCollectionOfElement.m in Sources */ = {isa = PBXBuildFile; fileRef = E542B9CC177C43B700B4F6C5 /* WTMCollectionOfElement.m */; };
		E542BA15177C43B800B4F6C5 /* WTMCollectionOfGroup.m in Sources */ = {isa = PBXBuildFile; fileRef = E542B9CE177C43B800B4F6C5 /* WTMCollectionOfGroup.m */; };
		E542BA16177C43B800B4F6C5 /* WTMCollectionOfGroup.m in Sources */ = {isa = PBXBuildFile; fileRef = E542B9CE177C43B800B4F6C5 /* WTMCollectionOfGroup.m */; };
		E542BA17177C43B800B4F6C5 /* WTMCollectionOfLibrary.m in Sources */ = {isa = PBXBuildFile; fileRef = E542B9D0177C43B800B4F6C5 /* WTMCollectionOfLibrary.m */; };
		E542BA18177C43B800B4F6C5 /* WTMCollectionOfLibrary.m in Sources */ = {isa = PBXBuildFile; fileRef = E542B9D0177C43B800B4F6C5 /* WTMCollectionOfLibrary.m */; };
		E542BA19177C43B800B4F6C5 /* WTMCollectionOfMember.m in Sources */ = {isa = PBXBuildFile; fileRef = E542B9D2177C43B800B4F6C5 /* WTMCollectionOfMember.m */; };
		E542BA1A177C43B800B4F6C5 /* WTMCollectionOfMember.m in Sources */ = {isa = PBXBuildFile; fileRef = E542B9D2177C43B800B4F6C5 /* WTMCollectionOfMember.m */; };
		E542BA1B177C43B800B4F6C5 /* WTMCollectionOfPackage.m in Sources */ = {isa = PBXBuildFile; fileRef = E542B9D4177C43B800B4F6C5 /* WTMCollectionOfPackage.m */; };
		E542BA1C177C43B800B4F6C5 /* WTMCollectionOfPackage.m in Sources */ = {isa = PBXBuildFile; fileRef = E542B9D4177C43B800B4F6C5 /* WTMCollectionOfPackage.m */; };
		E542BA1D177C43B800B4F6C5 /* WTMCollectionOfScene.m in Sources */ = {isa = PBXBuildFile; fileRef = E542B9D6177C43B800B4F6C5 /* WTMCollectionOfScene.m */; };
		E542BA1E177C43B800B4F6C5 /* WTMCollectionOfScene.m in Sources */ = {isa = PBXBuildFile; fileRef = E542B9D6177C43B800B4F6C5 /* WTMCollectionOfScene.m */; };
		E542BA1F177C43B800B4F6C5 /* WTMCollectionOfUser.m in Sources */ = {isa = PBXBuildFile; fileRef = E542B9D8177C43B800B4F6C5 /* WTMCollectionOfUser.m */; };
		E542BA20177C43B800B4F6C5 /* WTMCollectionOfUser.m in Sources */ = {isa = PBXBuildFile; fileRef = E542B9D8177C43B800B4F6C5 /* WTMCollectionOfUser.m */; };
		E542BA21177C43B800B4F6C5 /* WTMDatum.m in Sources */ = {isa = PBXBuildFile; fileRef = E542B9DA177C43B800B4F6C5 /* WTMDatum.m */; };
		E542BA22177C43B800B4F6C5 /* WTMDatum.m in Sources */ = {isa = PBXBuildFile; fileRef = E542B9DA177C43B800B4F6C5 /* WTMDatum.m */; };
		E542BA23177C43B800B4F6C5 /* WTMElement.m in Sources */ = {isa = PBXBuildFile; fileRef = E542B9DC177C43B800B4F6C5 /* WTMElement.m */; };
		E542BA24177C43B800B4F6C5 /* WTMElement.m in Sources */ = {isa = PBXBuildFile; fileRef = E542B9DC177C43B800B4F6C5 /* WTMElement.m */; };
		E542BA27177C43B800B4F6C5 /* WTMGroup.m in Sources */ = {isa = PBXBuildFile; fileRef = E542B9E0177C43B800B4F6C5 /* WTMGroup.m */; };
		E542BA28177C43B800B4F6C5 /* WTMGroup.m in Sources */ = {isa = PBXBuildFile; fileRef = E542B9E0177C43B800B4F6C5 /* WTMGroup.m */; };
		E542BA29177C43B800B4F6C5 /* WTMHtml.m in Sources */ = {isa = PBXBuildFile; fileRef = E542B9E2177C43B800B4F6C5 /* WTMHtml.m */; };
		E542BA2A177C43B800B4F6C5 /* WTMHtml.m in Sources */ = {isa = PBXBuildFile; fileRef = E542B9E2177C43B800B4F6C5 /* WTMHtml.m */; };
		E542BA2B177C43B800B4F6C5 /* WTMHyperlink.m in Sources */ = {isa = PBXBuildFile; fileRef = E542B9E4177C43B800B4F6C5 /* WTMHyperlink.m */; };
		E542BA2C177C43B800B4F6C5 /* WTMHyperlink.m in Sources */ = {isa = PBXBuildFile; fileRef = E542B9E4177C43B800B4F6C5 /* WTMHyperlink.m */; };
		E542BA2D177C43B800B4F6C5 /* WTMImage.m in Sources */ = {isa = PBXBuildFile; fileRef = E542B9E6177C43B800B4F6C5 /* WTMImage.m */; };
		E542BA2E177C43B800B4F6C5 /* WTMImage.m in Sources */ = {isa = PBXBuildFile; fileRef = E542B9E6177C43B800B4F6C5 /* WTMImage.m */; };
		E542BA2F177C43B800B4F6C5 /* WTMLabel.m in Sources */ = {isa = PBXBuildFile; fileRef = E542B9E8177C43B800B4F6C5 /* WTMLabel.m */; };
		E542BA30177C43B800B4F6C5 /* WTMLabel.m in Sources */ = {isa = PBXBuildFile; fileRef = E542B9E8177C43B800B4F6C5 /* WTMLabel.m */; };
		E542BA31177C43B800B4F6C5 /* WTMLangDictionary.m in Sources */ = {isa = PBXBuildFile; fileRef = E542B9EA177C43B800B4F6C5 /* WTMLangDictionary.m */; };
		E542BA32177C43B800B4F6C5 /* WTMLangDictionary.m in Sources */ = {isa = PBXBuildFile; fileRef = E542B9EA177C43B800B4F6C5 /* WTMLangDictionary.m */; };
		E542BA33177C43B800B4F6C5 /* WTMLibrary.m in Sources */ = {isa = PBXBuildFile; fileRef = E542B9EC177C43B800B4F6C5 /* WTMLibrary.m */; };
		E542BA34177C43B800B4F6C5 /* WTMLibrary.m in Sources */ = {isa = PBXBuildFile; fileRef = E542B9EC177C43B800B4F6C5 /* WTMLibrary.m */; };
		E542BA35177C43B800B4F6C5 /* WTMLinkedAsset.m in Sources */ = {isa = PBXBuildFile; fileRef = E542B9EE177C43B800B4F6C5 /* WTMLinkedAsset.m */; };
		E542BA36177C43B800B4F6C5 /* WTMLinkedAsset.m in Sources */ = {isa = PBXBuildFile; fileRef = E542B9EE177C43B800B4F6C5 /* WTMLinkedAsset.m */; };
		E542BA37177C43B800B4F6C5 /* WTMMember.m in Sources */ = {isa = PBXBuildFile; fileRef = E542B9F0177C43B800B4F6C5 /* WTMMember.m */; };
		E542BA38177C43B800B4F6C5 /* WTMMember.m in Sources */ = {isa = PBXBuildFile; fileRef = E542B9F0177C43B800B4F6C5 /* WTMMember.m */; };
		E542BA39177C43B800B4F6C5 /* WTMOperand.m in Sources */ = {isa = PBXBuildFile; fileRef = E542B9F2177C43B800B4F6C5 /* WTMOperand.m */; };
		E542BA3A177C43B800B4F6C5 /* WTMOperand.m in Sources */ = {isa = PBXBuildFile; fileRef = E542B9F2177C43B800B4F6C5 /* WTMOperand.m */; };
		E542BA3B177C43B800B4F6C5 /* WTMOperator.m in Sources */ = {isa = PBXBuildFile; fileRef = E542B9F4177C43B800B4F6C5 /* WTMOperator.m */; };
		E542BA3C177C43B800B4F6C5 /* WTMOperator.m in Sources */ = {isa = PBXBuildFile; fileRef = E542B9F4177C43B800B4F6C5 /* WTMOperator.m */; };
		E542BA3D177C43B800B4F6C5 /* WTMPackage.m in Sources */ = {isa = PBXBuildFile; fileRef = E542B9F6177C43B800B4F6C5 /* WTMPackage.m */; };
		E542BA3E177C43B800B4F6C5 /* WTMPackage.m in Sources */ = {isa = PBXBuildFile; fileRef = E542B9F6177C43B800B4F6C5 /* WTMPackage.m */; };
		E542BA3F177C43B800B4F6C5 /* WTMPdf.m in Sources */ = {isa = PBXBuildFile; fileRef = E542B9F8177C43B800B4F6C5 /* WTMPdf.m */; };
		E542BA40177C43B800B4F6C5 /* WTMPdf.m in Sources */ = {isa = PBXBuildFile; fileRef = E542B9F8177C43B800B4F6C5 /* WTMPdf.m */; };
		E542BA41177C43B800B4F6C5 /* WTMRule.m in Sources */ = {isa = PBXBuildFile; fileRef = E542B9FA177C43B800B4F6C5 /* WTMRule.m */; };
		E542BA42177C43B800B4F6C5 /* WTMRule.m in Sources */ = {isa = PBXBuildFile; fileRef = E542B9FA177C43B800B4F6C5 /* WTMRule.m */; };
		E542BA43177C43B800B4F6C5 /* WTMScene.m in Sources */ = {isa = PBXBuildFile; fileRef = E542B9FC177C43B800B4F6C5 /* WTMScene.m */; };
		E542BA44177C43B800B4F6C5 /* WTMScene.m in Sources */ = {isa = PBXBuildFile; fileRef = E542B9FC177C43B800B4F6C5 /* WTMScene.m */; };
		E542BA45177C43B800B4F6C5 /* WTMShelf.m in Sources */ = {isa = PBXBuildFile; fileRef = E542B9FE177C43B800B4F6C5 /* WTMShelf.m */; };
		E542BA46177C43B800B4F6C5 /* WTMShelf.m in Sources */ = {isa = PBXBuildFile; fileRef = E542B9FE177C43B800B4F6C5 /* WTMShelf.m */; };
		E542BA47177C43B800B4F6C5 /* WTMSound.m in Sources */ = {isa = PBXBuildFile; fileRef = E542BA00177C43B800B4F6C5 /* WTMSound.m */; };
		E542BA48177C43B800B4F6C5 /* WTMSound.m in Sources */ = {isa = PBXBuildFile; fileRef = E542BA00177C43B800B4F6C5 /* WTMSound.m */; };
		E542BA49177C43B800B4F6C5 /* WTMUser.m in Sources */ = {isa = PBXBuildFile; fileRef = E542BA02177C43B800B4F6C5 /* WTMUser.m */; };
		E542BA4A177C43B800B4F6C5 /* WTMUser.m in Sources */ = {isa = PBXBuildFile; fileRef = E542BA02177C43B800B4F6C5 /* WTMUser.m */; };
		E542BA4B177C43B800B4F6C5 /* WTMVideo.m in Sources */ = {isa = PBXBuildFile; fileRef = E542BA04177C43B800B4F6C5 /* WTMVideo.m */; };
		E542BA4C177C43B800B4F6C5 /* WTMVideo.m in Sources */ = {isa = PBXBuildFile; fileRef = E542BA04177C43B800B4F6C5 /* WTMVideo.m */; };
		E5998FBD174CB1AA0066EFE8 /* main.m in Sources */ = {isa = PBXBuildFile; fileRef = E5B462501732A4A000E654A1 /* main.m */; };
		E5998FBE174CB1AA0066EFE8 /* WTMAppDelegate.m in Sources */ = {isa = PBXBuildFile; fileRef = E5B462541732A4A000E654A1 /* WTMAppDelegate.m */; };
		E5998FE9174CB1AA0066EFE8 /* WTMViewController.m in Sources */ = {isa = PBXBuildFile; fileRef = E5C5D9461746719200A6A46F /* WTMViewController.m */; };
		E5998FEA174CB1AA0066EFE8 /* WattMPackager.m in Sources */ = {isa = PBXBuildFile; fileRef = E5C5D949174671F500A6A46F /* WattMPackager.m */; };
		E5998FED174CB1AA0066EFE8 /* UIKit.framework in Frameworks */ = {isa = PBXBuildFile; fileRef = E5B462441732A4A000E654A1 /* UIKit.framework */; };
		E5998FEE174CB1AA0066EFE8 /* Foundation.framework in Frameworks */ = {isa = PBXBuildFile; fileRef = E5B462461732A4A000E654A1 /* Foundation.framework */; };
		E5998FEF174CB1AA0066EFE8 /* CoreGraphics.framework in Frameworks */ = {isa = PBXBuildFile; fileRef = E5B462481732A4A000E654A1 /* CoreGraphics.framework */; };
		E5998FF1174CB1AA0066EFE8 /* InfoPlist.strings in Resources */ = {isa = PBXBuildFile; fileRef = E5B4624D1732A4A000E654A1 /* InfoPlist.strings */; };
		E5998FF2174CB1AA0066EFE8 /* Default.png in Resources */ = {isa = PBXBuildFile; fileRef = E5B462561732A4A000E654A1 /* Default.png */; };
		E5998FF3174CB1AA0066EFE8 /* Default@2x.png in Resources */ = {isa = PBXBuildFile; fileRef = E5B462581732A4A000E654A1 /* Default@2x.png */; };
		E5998FF4174CB1AA0066EFE8 /* Default-568h@2x.png in Resources */ = {isa = PBXBuildFile; fileRef = E5B4625A1732A4A000E654A1 /* Default-568h@2x.png */; };
		E5998FF5174CB1AA0066EFE8 /* MainStoryboard_iPhone.storyboard in Resources */ = {isa = PBXBuildFile; fileRef = E5B4625C1732A4A000E654A1 /* MainStoryboard_iPhone.storyboard */; };
		E5998FF6174CB1AA0066EFE8 /* MainStoryboard_iPad.storyboard in Resources */ = {isa = PBXBuildFile; fileRef = E5B4625F1732A4A000E654A1 /* MainStoryboard_iPad.storyboard */; };
		E5B462451732A4A000E654A1 /* UIKit.framework in Frameworks */ = {isa = PBXBuildFile; fileRef = E5B462441732A4A000E654A1 /* UIKit.framework */; };
		E5B462471732A4A000E654A1 /* Foundation.framework in Frameworks */ = {isa = PBXBuildFile; fileRef = E5B462461732A4A000E654A1 /* Foundation.framework */; };
		E5B462491732A4A000E654A1 /* CoreGraphics.framework in Frameworks */ = {isa = PBXBuildFile; fileRef = E5B462481732A4A000E654A1 /* CoreGraphics.framework */; };
		E5B4624F1732A4A000E654A1 /* InfoPlist.strings in Resources */ = {isa = PBXBuildFile; fileRef = E5B4624D1732A4A000E654A1 /* InfoPlist.strings */; };
		E5B462511732A4A000E654A1 /* main.m in Sources */ = {isa = PBXBuildFile; fileRef = E5B462501732A4A000E654A1 /* main.m */; };
		E5B462551732A4A000E654A1 /* WTMAppDelegate.m in Sources */ = {isa = PBXBuildFile; fileRef = E5B462541732A4A000E654A1 /* WTMAppDelegate.m */; };
		E5B462571732A4A000E654A1 /* Default.png in Resources */ = {isa = PBXBuildFile; fileRef = E5B462561732A4A000E654A1 /* Default.png */; };
		E5B462591732A4A000E654A1 /* Default@2x.png in Resources */ = {isa = PBXBuildFile; fileRef = E5B462581732A4A000E654A1 /* Default@2x.png */; };
		E5B4625B1732A4A000E654A1 /* Default-568h@2x.png in Resources */ = {isa = PBXBuildFile; fileRef = E5B4625A1732A4A000E654A1 /* Default-568h@2x.png */; };
		E5B4625E1732A4A000E654A1 /* MainStoryboard_iPhone.storyboard in Resources */ = {isa = PBXBuildFile; fileRef = E5B4625C1732A4A000E654A1 /* MainStoryboard_iPhone.storyboard */; };
		E5B462611732A4A000E654A1 /* MainStoryboard_iPad.storyboard in Resources */ = {isa = PBXBuildFile; fileRef = E5B4625F1732A4A000E654A1 /* MainStoryboard_iPad.storyboard */; };
		E5C5D9471746719200A6A46F /* WTMViewController.m in Sources */ = {isa = PBXBuildFile; fileRef = E5C5D9461746719200A6A46F /* WTMViewController.m */; };
		E5C5D94A174671F500A6A46F /* WattMPackager.m in Sources */ = {isa = PBXBuildFile; fileRef = E5C5D949174671F500A6A46F /* WattMPackager.m */; };
		E5DE3ADA174CF797005937DC /* WattApi.m in Sources */ = {isa = PBXBuildFile; fileRef = E5DE3ACF174CF797005937DC /* WattApi.m */; };
		E5DE3ADB174CF797005937DC /* WattApi.m in Sources */ = {isa = PBXBuildFile; fileRef = E5DE3ACF174CF797005937DC /* WattApi.m */; };
		E5DE3ADC174CF797005937DC /* WattCollectionOfObject.m in Sources */ = {isa = PBXBuildFile; fileRef = E5DE3AD1174CF797005937DC /* WattCollectionOfObject.m */; };
		E5DE3ADD174CF797005937DC /* WattCollectionOfObject.m in Sources */ = {isa = PBXBuildFile; fileRef = E5DE3AD1174CF797005937DC /* WattCollectionOfObject.m */; };
		E5DE3AE0174CF797005937DC /* WattObject.m in Sources */ = {isa = PBXBuildFile; fileRef = E5DE3AD5174CF797005937DC /* WattObject.m */; };
		E5DE3AE1174CF797005937DC /* WattObject.m in Sources */ = {isa = PBXBuildFile; fileRef = E5DE3AD5174CF797005937DC /* WattObject.m */; };
		E5DE3AE4174CF797005937DC /* WattRegistry.m in Sources */ = {isa = PBXBuildFile; fileRef = E5DE3AD9174CF797005937DC /* WattRegistry.m */; };
		E5DE3AE5174CF797005937DC /* WattRegistry.m in Sources */ = {isa = PBXBuildFile; fileRef = E5DE3AD9174CF797005937DC /* WattRegistry.m */; };
/* End PBXBuildFile section */

/* Begin PBXFileReference section */
		E538835A177C8FE700A14201 /* WTMMenu.h */ = {isa = PBXFileReference; fileEncoding = 4; lastKnownFileType = sourcecode.c.h; path = WTMMenu.h; sourceTree = "<group>"; };
		E538835B177C8FE700A14201 /* WTMMenu.m */ = {isa = PBXFileReference; fileEncoding = 4; lastKnownFileType = sourcecode.c.objc; path = WTMMenu.m; sourceTree = "<group>"; };
		E538835D177C95E300A14201 /* WTMCollectionOfMenu.h */ = {isa = PBXFileReference; fileEncoding = 4; lastKnownFileType = sourcecode.c.h; path = WTMCollectionOfMenu.h; sourceTree = "<group>"; };
		E538835E177C95E300A14201 /* WTMCollectionOfMenu.m */ = {isa = PBXFileReference; fileEncoding = 4; lastKnownFileType = sourcecode.c.objc; path = WTMCollectionOfMenu.m; sourceTree = "<group>"; };
		E5388360177C95EB00A14201 /* WTMMenuSection.h */ = {isa = PBXFileReference; fileEncoding = 4; lastKnownFileType = sourcecode.c.h; path = WTMMenuSection.h; sourceTree = "<group>"; };
		E5388361177C95EB00A14201 /* WTMMenuSection.m */ = {isa = PBXFileReference; fileEncoding = 4; lastKnownFileType = sourcecode.c.objc; path = WTMMenuSection.m; sourceTree = "<group>"; };
		E542B9BF177C43B700B4F6C5 /* WTMAction.h */ = {isa = PBXFileReference; fileEncoding = 4; lastKnownFileType = sourcecode.c.h; path = WTMAction.h; sourceTree = "<group>"; };
		E542B9C0177C43B700B4F6C5 /* WTMAction.m */ = {isa = PBXFileReference; fileEncoding = 4; lastKnownFileType = sourcecode.c.objc; path = WTMAction.m; sourceTree = "<group>"; };
		E542B9C1177C43B700B4F6C5 /* WTMActivity.h */ = {isa = PBXFileReference; fileEncoding = 4; lastKnownFileType = sourcecode.c.h; path = WTMActivity.h; sourceTree = "<group>"; };
		E542B9C2177C43B700B4F6C5 /* WTMActivity.m */ = {isa = PBXFileReference; fileEncoding = 4; lastKnownFileType = sourcecode.c.objc; path = WTMActivity.m; sourceTree = "<group>"; };
		E542B9C3177C43B700B4F6C5 /* WTMAsset.h */ = {isa = PBXFileReference; fileEncoding = 4; lastKnownFileType = sourcecode.c.h; path = WTMAsset.h; sourceTree = "<group>"; };
		E542B9C4177C43B700B4F6C5 /* WTMAsset.m */ = {isa = PBXFileReference; fileEncoding = 4; lastKnownFileType = sourcecode.c.objc; path = WTMAsset.m; sourceTree = "<group>"; };
		E542B9C5177C43B700B4F6C5 /* WTMBehavior.h */ = {isa = PBXFileReference; fileEncoding = 4; lastKnownFileType = sourcecode.c.h; path = WTMBehavior.h; sourceTree = "<group>"; };
		E542B9C6177C43B700B4F6C5 /* WTMBehavior.m */ = {isa = PBXFileReference; fileEncoding = 4; lastKnownFileType = sourcecode.c.objc; path = WTMBehavior.m; sourceTree = "<group>"; };
		E542B9C7177C43B700B4F6C5 /* WTMCollectionOfActivity.h */ = {isa = PBXFileReference; fileEncoding = 4; lastKnownFileType = sourcecode.c.h; path = WTMCollectionOfActivity.h; sourceTree = "<group>"; };
		E542B9C8177C43B700B4F6C5 /* WTMCollectionOfActivity.m */ = {isa = PBXFileReference; fileEncoding = 4; lastKnownFileType = sourcecode.c.objc; path = WTMCollectionOfActivity.m; sourceTree = "<group>"; };
		E542B9C9177C43B700B4F6C5 /* WTMCollectionOfDatum.h */ = {isa = PBXFileReference; fileEncoding = 4; lastKnownFileType = sourcecode.c.h; path = WTMCollectionOfDatum.h; sourceTree = "<group>"; };
		E542B9CA177C43B700B4F6C5 /* WTMCollectionOfDatum.m */ = {isa = PBXFileReference; fileEncoding = 4; lastKnownFileType = sourcecode.c.objc; path = WTMCollectionOfDatum.m; sourceTree = "<group>"; };
		E542B9CB177C43B700B4F6C5 /* WTMCollectionOfElement.h */ = {isa = PBXFileReference; fileEncoding = 4; lastKnownFileType = sourcecode.c.h; path = WTMCollectionOfElement.h; sourceTree = "<group>"; };
		E542B9CC177C43B700B4F6C5 /* WTMCollectionOfElement.m */ = {isa = PBXFileReference; fileEncoding = 4; lastKnownFileType = sourcecode.c.objc; path = WTMCollectionOfElement.m; sourceTree = "<group>"; };
		E542B9CD177C43B800B4F6C5 /* WTMCollectionOfGroup.h */ = {isa = PBXFileReference; fileEncoding = 4; lastKnownFileType = sourcecode.c.h; path = WTMCollectionOfGroup.h; sourceTree = "<group>"; };
		E542B9CE177C43B800B4F6C5 /* WTMCollectionOfGroup.m */ = {isa = PBXFileReference; fileEncoding = 4; lastKnownFileType = sourcecode.c.objc; path = WTMCollectionOfGroup.m; sourceTree = "<group>"; };
		E542B9CF177C43B800B4F6C5 /* WTMCollectionOfLibrary.h */ = {isa = PBXFileReference; fileEncoding = 4; lastKnownFileType = sourcecode.c.h; path = WTMCollectionOfLibrary.h; sourceTree = "<group>"; };
		E542B9D0177C43B800B4F6C5 /* WTMCollectionOfLibrary.m */ = {isa = PBXFileReference; fileEncoding = 4; lastKnownFileType = sourcecode.c.objc; path = WTMCollectionOfLibrary.m; sourceTree = "<group>"; };
		E542B9D1177C43B800B4F6C5 /* WTMCollectionOfMember.h */ = {isa = PBXFileReference; fileEncoding = 4; lastKnownFileType = sourcecode.c.h; path = WTMCollectionOfMember.h; sourceTree = "<group>"; };
		E542B9D2177C43B800B4F6C5 /* WTMCollectionOfMember.m */ = {isa = PBXFileReference; fileEncoding = 4; lastKnownFileType = sourcecode.c.objc; path = WTMCollectionOfMember.m; sourceTree = "<group>"; };
		E542B9D3177C43B800B4F6C5 /* WTMCollectionOfPackage.h */ = {isa = PBXFileReference; fileEncoding = 4; lastKnownFileType = sourcecode.c.h; path = WTMCollectionOfPackage.h; sourceTree = "<group>"; };
		E542B9D4177C43B800B4F6C5 /* WTMCollectionOfPackage.m */ = {isa = PBXFileReference; fileEncoding = 4; lastKnownFileType = sourcecode.c.objc; path = WTMCollectionOfPackage.m; sourceTree = "<group>"; };
		E542B9D5177C43B800B4F6C5 /* WTMCollectionOfScene.h */ = {isa = PBXFileReference; fileEncoding = 4; lastKnownFileType = sourcecode.c.h; path = WTMCollectionOfScene.h; sourceTree = "<group>"; };
		E542B9D6177C43B800B4F6C5 /* WTMCollectionOfScene.m */ = {isa = PBXFileReference; fileEncoding = 4; lastKnownFileType = sourcecode.c.objc; path = WTMCollectionOfScene.m; sourceTree = "<group>"; };
		E542B9D7177C43B800B4F6C5 /* WTMCollectionOfUser.h */ = {isa = PBXFileReference; fileEncoding = 4; lastKnownFileType = sourcecode.c.h; path = WTMCollectionOfUser.h; sourceTree = "<group>"; };
		E542B9D8177C43B800B4F6C5 /* WTMCollectionOfUser.m */ = {isa = PBXFileReference; fileEncoding = 4; lastKnownFileType = sourcecode.c.objc; path = WTMCollectionOfUser.m; sourceTree = "<group>"; };
		E542B9D9177C43B800B4F6C5 /* WTMDatum.h */ = {isa = PBXFileReference; fileEncoding = 4; lastKnownFileType = sourcecode.c.h; path = WTMDatum.h; sourceTree = "<group>"; };
		E542B9DA177C43B800B4F6C5 /* WTMDatum.m */ = {isa = PBXFileReference; fileEncoding = 4; lastKnownFileType = sourcecode.c.objc; path = WTMDatum.m; sourceTree = "<group>"; };
		E542B9DB177C43B800B4F6C5 /* WTMElement.h */ = {isa = PBXFileReference; fileEncoding = 4; lastKnownFileType = sourcecode.c.h; path = WTMElement.h; sourceTree = "<group>"; };
		E542B9DC177C43B800B4F6C5 /* WTMElement.m */ = {isa = PBXFileReference; fileEncoding = 4; lastKnownFileType = sourcecode.c.objc; path = WTMElement.m; sourceTree = "<group>"; };
		E542B9DF177C43B800B4F6C5 /* WTMGroup.h */ = {isa = PBXFileReference; fileEncoding = 4; lastKnownFileType = sourcecode.c.h; path = WTMGroup.h; sourceTree = "<group>"; };
		E542B9E0177C43B800B4F6C5 /* WTMGroup.m */ = {isa = PBXFileReference; fileEncoding = 4; lastKnownFileType = sourcecode.c.objc; path = WTMGroup.m; sourceTree = "<group>"; };
		E542B9E1177C43B800B4F6C5 /* WTMHtml.h */ = {isa = PBXFileReference; fileEncoding = 4; lastKnownFileType = sourcecode.c.h; path = WTMHtml.h; sourceTree = "<group>"; };
		E542B9E2177C43B800B4F6C5 /* WTMHtml.m */ = {isa = PBXFileReference; fileEncoding = 4; lastKnownFileType = sourcecode.c.objc; path = WTMHtml.m; sourceTree = "<group>"; };
		E542B9E3177C43B800B4F6C5 /* WTMHyperlink.h */ = {isa = PBXFileReference; fileEncoding = 4; lastKnownFileType = sourcecode.c.h; path = WTMHyperlink.h; sourceTree = "<group>"; };
		E542B9E4177C43B800B4F6C5 /* WTMHyperlink.m */ = {isa = PBXFileReference; fileEncoding = 4; lastKnownFileType = sourcecode.c.objc; path = WTMHyperlink.m; sourceTree = "<group>"; };
		E542B9E5177C43B800B4F6C5 /* WTMImage.h */ = {isa = PBXFileReference; fileEncoding = 4; lastKnownFileType = sourcecode.c.h; path = WTMImage.h; sourceTree = "<group>"; };
		E542B9E6177C43B800B4F6C5 /* WTMImage.m */ = {isa = PBXFileReference; fileEncoding = 4; lastKnownFileType = sourcecode.c.objc; path = WTMImage.m; sourceTree = "<group>"; };
		E542B9E7177C43B800B4F6C5 /* WTMLabel.h */ = {isa = PBXFileReference; fileEncoding = 4; lastKnownFileType = sourcecode.c.h; path = WTMLabel.h; sourceTree = "<group>"; };
		E542B9E8177C43B800B4F6C5 /* WTMLabel.m */ = {isa = PBXFileReference; fileEncoding = 4; lastKnownFileType = sourcecode.c.objc; path = WTMLabel.m; sourceTree = "<group>"; };
		E542B9E9177C43B800B4F6C5 /* WTMLangDictionary.h */ = {isa = PBXFileReference; fileEncoding = 4; lastKnownFileType = sourcecode.c.h; path = WTMLangDictionary.h; sourceTree = "<group>"; };
		E542B9EA177C43B800B4F6C5 /* WTMLangDictionary.m */ = {isa = PBXFileReference; fileEncoding = 4; lastKnownFileType = sourcecode.c.objc; path = WTMLangDictionary.m; sourceTree = "<group>"; };
		E542B9EB177C43B800B4F6C5 /* WTMLibrary.h */ = {isa = PBXFileReference; fileEncoding = 4; lastKnownFileType = sourcecode.c.h; path = WTMLibrary.h; sourceTree = "<group>"; };
		E542B9EC177C43B800B4F6C5 /* WTMLibrary.m */ = {isa = PBXFileReference; fileEncoding = 4; lastKnownFileType = sourcecode.c.objc; path = WTMLibrary.m; sourceTree = "<group>"; };
		E542B9ED177C43B800B4F6C5 /* WTMLinkedAsset.h */ = {isa = PBXFileReference; fileEncoding = 4; lastKnownFileType = sourcecode.c.h; path = WTMLinkedAsset.h; sourceTree = "<group>"; };
		E542B9EE177C43B800B4F6C5 /* WTMLinkedAsset.m */ = {isa = PBXFileReference; fileEncoding = 4; lastKnownFileType = sourcecode.c.objc; path = WTMLinkedAsset.m; sourceTree = "<group>"; };
		E542B9EF177C43B800B4F6C5 /* WTMMember.h */ = {isa = PBXFileReference; fileEncoding = 4; lastKnownFileType = sourcecode.c.h; path = WTMMember.h; sourceTree = "<group>"; };
		E542B9F0177C43B800B4F6C5 /* WTMMember.m */ = {isa = PBXFileReference; fileEncoding = 4; lastKnownFileType = sourcecode.c.objc; path = WTMMember.m; sourceTree = "<group>"; };
		E542B9F1177C43B800B4F6C5 /* WTMOperand.h */ = {isa = PBXFileReference; fileEncoding = 4; lastKnownFileType = sourcecode.c.h; path = WTMOperand.h; sourceTree = "<group>"; };
		E542B9F2177C43B800B4F6C5 /* WTMOperand.m */ = {isa = PBXFileReference; fileEncoding = 4; lastKnownFileType = sourcecode.c.objc; path = WTMOperand.m; sourceTree = "<group>"; };
		E542B9F3177C43B800B4F6C5 /* WTMOperator.h */ = {isa = PBXFileReference; fileEncoding = 4; lastKnownFileType = sourcecode.c.h; path = WTMOperator.h; sourceTree = "<group>"; };
		E542B9F4177C43B800B4F6C5 /* WTMOperator.m */ = {isa = PBXFileReference; fileEncoding = 4; lastKnownFileType = sourcecode.c.objc; path = WTMOperator.m; sourceTree = "<group>"; };
		E542B9F5177C43B800B4F6C5 /* WTMPackage.h */ = {isa = PBXFileReference; fileEncoding = 4; lastKnownFileType = sourcecode.c.h; path = WTMPackage.h; sourceTree = "<group>"; };
		E542B9F6177C43B800B4F6C5 /* WTMPackage.m */ = {isa = PBXFileReference; fileEncoding = 4; lastKnownFileType = sourcecode.c.objc; path = WTMPackage.m; sourceTree = "<group>"; };
		E542B9F7177C43B800B4F6C5 /* WTMPdf.h */ = {isa = PBXFileReference; fileEncoding = 4; lastKnownFileType = sourcecode.c.h; path = WTMPdf.h; sourceTree = "<group>"; };
		E542B9F8177C43B800B4F6C5 /* WTMPdf.m */ = {isa = PBXFileReference; fileEncoding = 4; lastKnownFileType = sourcecode.c.objc; path = WTMPdf.m; sourceTree = "<group>"; };
		E542B9F9177C43B800B4F6C5 /* WTMRule.h */ = {isa = PBXFileReference; fileEncoding = 4; lastKnownFileType = sourcecode.c.h; path = WTMRule.h; sourceTree = "<group>"; };
		E542B9FA177C43B800B4F6C5 /* WTMRule.m */ = {isa = PBXFileReference; fileEncoding = 4; lastKnownFileType = sourcecode.c.objc; path = WTMRule.m; sourceTree = "<group>"; };
		E542B9FB177C43B800B4F6C5 /* WTMScene.h */ = {isa = PBXFileReference; fileEncoding = 4; lastKnownFileType = sourcecode.c.h; path = WTMScene.h; sourceTree = "<group>"; };
		E542B9FC177C43B800B4F6C5 /* WTMScene.m */ = {isa = PBXFileReference; fileEncoding = 4; lastKnownFileType = sourcecode.c.objc; path = WTMScene.m; sourceTree = "<group>"; };
		E542B9FD177C43B800B4F6C5 /* WTMShelf.h */ = {isa = PBXFileReference; fileEncoding = 4; lastKnownFileType = sourcecode.c.h; path = WTMShelf.h; sourceTree = "<group>"; };
		E542B9FE177C43B800B4F6C5 /* WTMShelf.m */ = {isa = PBXFileReference; fileEncoding = 4; lastKnownFileType = sourcecode.c.objc; path = WTMShelf.m; sourceTree = "<group>"; };
		E542B9FF177C43B800B4F6C5 /* WTMSound.h */ = {isa = PBXFileReference; fileEncoding = 4; lastKnownFileType = sourcecode.c.h; path = WTMSound.h; sourceTree = "<group>"; };
		E542BA00177C43B800B4F6C5 /* WTMSound.m */ = {isa = PBXFileReference; fileEncoding = 4; lastKnownFileType = sourcecode.c.objc; path = WTMSound.m; sourceTree = "<group>"; };
		E542BA01177C43B800B4F6C5 /* WTMUser.h */ = {isa = PBXFileReference; fileEncoding = 4; lastKnownFileType = sourcecode.c.h; path = WTMUser.h; sourceTree = "<group>"; };
		E542BA02177C43B800B4F6C5 /* WTMUser.m */ = {isa = PBXFileReference; fileEncoding = 4; lastKnownFileType = sourcecode.c.objc; path = WTMUser.m; sourceTree = "<group>"; };
		E542BA03177C43B800B4F6C5 /* WTMVideo.h */ = {isa = PBXFileReference; fileEncoding = 4; lastKnownFileType = sourcecode.c.h; path = WTMVideo.h; sourceTree = "<group>"; };
		E542BA04177C43B800B4F6C5 /* WTMVideo.m */ = {isa = PBXFileReference; fileEncoding = 4; lastKnownFileType = sourcecode.c.objc; path = WTMVideo.m; sourceTree = "<group>"; };
		E5998FFA174CB1AA0066EFE8 /* PlayerSample copy.app */ = {isa = PBXFileReference; explicitFileType = wrapper.application; includeInIndex = 0; path = "PlayerSample copy.app"; sourceTree = BUILT_PRODUCTS_DIR; };
		E5B462411732A4A000E654A1 /* PlayerSample.app */ = {isa = PBXFileReference; explicitFileType = wrapper.application; includeInIndex = 0; path = PlayerSample.app; sourceTree = BUILT_PRODUCTS_DIR; };
		E5B462441732A4A000E654A1 /* UIKit.framework */ = {isa = PBXFileReference; lastKnownFileType = wrapper.framework; name = UIKit.framework; path = System/Library/Frameworks/UIKit.framework; sourceTree = SDKROOT; };
		E5B462461732A4A000E654A1 /* Foundation.framework */ = {isa = PBXFileReference; lastKnownFileType = wrapper.framework; name = Foundation.framework; path = System/Library/Frameworks/Foundation.framework; sourceTree = SDKROOT; };
		E5B462481732A4A000E654A1 /* CoreGraphics.framework */ = {isa = PBXFileReference; lastKnownFileType = wrapper.framework; name = CoreGraphics.framework; path = System/Library/Frameworks/CoreGraphics.framework; sourceTree = SDKROOT; };
		E5B4624C1732A4A000E654A1 /* PlayerSample-Info.plist */ = {isa = PBXFileReference; lastKnownFileType = text.plist.xml; path = "PlayerSample-Info.plist"; sourceTree = "<group>"; };
		E5B4624E1732A4A000E654A1 /* en */ = {isa = PBXFileReference; lastKnownFileType = text.plist.strings; name = en; path = en.lproj/InfoPlist.strings; sourceTree = "<group>"; };
		E5B462501732A4A000E654A1 /* main.m */ = {isa = PBXFileReference; lastKnownFileType = sourcecode.c.objc; path = main.m; sourceTree = "<group>"; };
		E5B462521732A4A000E654A1 /* PlayerSample-Prefix.pch */ = {isa = PBXFileReference; lastKnownFileType = sourcecode.c.h; path = "PlayerSample-Prefix.pch"; sourceTree = "<group>"; };
		E5B462531732A4A000E654A1 /* WTMAppDelegate.h */ = {isa = PBXFileReference; lastKnownFileType = sourcecode.c.h; path = WTMAppDelegate.h; sourceTree = "<group>"; };
		E5B462541732A4A000E654A1 /* WTMAppDelegate.m */ = {isa = PBXFileReference; lastKnownFileType = sourcecode.c.objc; path = WTMAppDelegate.m; sourceTree = "<group>"; };
		E5B462561732A4A000E654A1 /* Default.png */ = {isa = PBXFileReference; lastKnownFileType = image.png; path = Default.png; sourceTree = "<group>"; };
		E5B462581732A4A000E654A1 /* Default@2x.png */ = {isa = PBXFileReference; lastKnownFileType = image.png; path = "Default@2x.png"; sourceTree = "<group>"; };
		E5B4625A1732A4A000E654A1 /* Default-568h@2x.png */ = {isa = PBXFileReference; lastKnownFileType = image.png; path = "Default-568h@2x.png"; sourceTree = "<group>"; };
		E5B4625D1732A4A000E654A1 /* en */ = {isa = PBXFileReference; lastKnownFileType = file.storyboard; name = en; path = en.lproj/MainStoryboard_iPhone.storyboard; sourceTree = "<group>"; };
		E5B462601732A4A000E654A1 /* en */ = {isa = PBXFileReference; lastKnownFileType = file.storyboard; name = en; path = en.lproj/MainStoryboard_iPad.storyboard; sourceTree = "<group>"; };
		E5C5D93E17465F9700A6A46F /* WattM.h */ = {isa = PBXFileReference; lastKnownFileType = sourcecode.c.h; path = WattM.h; sourceTree = "<group>"; };
		E5C5D9451746719200A6A46F /* WTMViewController.h */ = {isa = PBXFileReference; fileEncoding = 4; lastKnownFileType = sourcecode.c.h; path = WTMViewController.h; sourceTree = "<group>"; };
		E5C5D9461746719200A6A46F /* WTMViewController.m */ = {isa = PBXFileReference; fileEncoding = 4; lastKnownFileType = sourcecode.c.objc; path = WTMViewController.m; sourceTree = "<group>"; };
		E5C5D948174671F500A6A46F /* WattMPackager.h */ = {isa = PBXFileReference; fileEncoding = 4; lastKnownFileType = sourcecode.c.h; path = WattMPackager.h; sourceTree = "<group>"; };
		E5C5D949174671F500A6A46F /* WattMPackager.m */ = {isa = PBXFileReference; fileEncoding = 4; lastKnownFileType = sourcecode.c.objc; path = WattMPackager.m; sourceTree = "<group>"; };
		E5DE3ACE174CF797005937DC /* WattApi.h */ = {isa = PBXFileReference; fileEncoding = 4; lastKnownFileType = sourcecode.c.h; path = WattApi.h; sourceTree = "<group>"; };
		E5DE3ACF174CF797005937DC /* WattApi.m */ = {isa = PBXFileReference; fileEncoding = 4; lastKnownFileType = sourcecode.c.objc; path = WattApi.m; sourceTree = "<group>"; };
		E5DE3AD0174CF797005937DC /* WattCollectionOfObject.h */ = {isa = PBXFileReference; fileEncoding = 4; lastKnownFileType = sourcecode.c.h; path = WattCollectionOfObject.h; sourceTree = "<group>"; };
		E5DE3AD1174CF797005937DC /* WattCollectionOfObject.m */ = {isa = PBXFileReference; fileEncoding = 4; lastKnownFileType = sourcecode.c.objc; path = WattCollectionOfObject.m; sourceTree = "<group>"; };
		E5DE3AD4174CF797005937DC /* WattObject.h */ = {isa = PBXFileReference; fileEncoding = 4; lastKnownFileType = sourcecode.c.h; path = WattObject.h; sourceTree = "<group>"; };
		E5DE3AD5174CF797005937DC /* WattObject.m */ = {isa = PBXFileReference; fileEncoding = 4; lastKnownFileType = sourcecode.c.objc; path = WattObject.m; sourceTree = "<group>"; };
		E5DE3AD8174CF797005937DC /* WattRegistry.h */ = {isa = PBXFileReference; fileEncoding = 4; lastKnownFileType = sourcecode.c.h; path = WattRegistry.h; sourceTree = "<group>"; };
		E5DE3AD9174CF797005937DC /* WattRegistry.m */ = {isa = PBXFileReference; fileEncoding = 4; lastKnownFileType = sourcecode.c.objc; path = WattRegistry.m; sourceTree = "<group>"; };
		E5DE3B2E174CFCF9005937DC /* WTMModelsImports.h */ = {isa = PBXFileReference; fileEncoding = 4; lastKnownFileType = sourcecode.c.h; path = WTMModelsImports.h; sourceTree = "<group>"; };
/* End PBXFileReference section */

/* Begin PBXFrameworksBuildPhase section */
		E5998FEC174CB1AA0066EFE8 /* Frameworks */ = {
			isa = PBXFrameworksBuildPhase;
			buildActionMask = 2147483647;
			files = (
				E5998FED174CB1AA0066EFE8 /* UIKit.framework in Frameworks */,
				E5998FEE174CB1AA0066EFE8 /* Foundation.framework in Frameworks */,
				E5998FEF174CB1AA0066EFE8 /* CoreGraphics.framework in Frameworks */,
			);
			runOnlyForDeploymentPostprocessing = 0;
		};
		E5B4623E1732A4A000E654A1 /* Frameworks */ = {
			isa = PBXFrameworksBuildPhase;
			buildActionMask = 2147483647;
			files = (
				E5B462451732A4A000E654A1 /* UIKit.framework in Frameworks */,
				E5B462471732A4A000E654A1 /* Foundation.framework in Frameworks */,
				E5B462491732A4A000E654A1 /* CoreGraphics.framework in Frameworks */,
			);
			runOnlyForDeploymentPostprocessing = 0;
		};
/* End PBXFrameworksBuildPhase section */

/* Begin PBXGroup section */
		E52D1C6E1734F32C0043C615 /* WattPlayer */ = {
			isa = PBXGroup;
			children = (
				E5DE3AE6174CFCF9005937DC /* Generated */,
				E53C6989173B886F00E135CA /* Authoring */,
				E53C6987173B886500E135CA /* Utilities */,
				E5DE3ACD174CF797005937DC /* Core */,
				E53C6974173B881E00E135CA /* BaseClasses */,
				E52D1CBA1734F32C0043C615 /* Packager */,
				E5C5D93E17465F9700A6A46F /* WattM.h */,
			);
			name = WattPlayer;
			path = ../../WattPlayer;
			sourceTree = "<group>";
		};
		E52D1CBA1734F32C0043C615 /* Packager */ = {
			isa = PBXGroup;
			children = (
				E5C5D948174671F500A6A46F /* WattMPackager.h */,
				E5C5D949174671F500A6A46F /* WattMPackager.m */,
			);
			path = Packager;
			sourceTree = "<group>";
		};
		E53C6974173B881E00E135CA /* BaseClasses */ = {
			isa = PBXGroup;
			children = (
			);
			path = BaseClasses;
			sourceTree = "<group>";
		};
		E53C6987173B886500E135CA /* Utilities */ = {
			isa = PBXGroup;
			children = (
			);
			path = Utilities;
			sourceTree = "<group>";
		};
		E53C6989173B886F00E135CA /* Authoring */ = {
			isa = PBXGroup;
			children = (
			);
			path = Authoring;
			sourceTree = "<group>";
		};
		E542B935177C43B700B4F6C5 /* Models */ = {
			isa = PBXGroup;
			children = (
				E5388360177C95EB00A14201 /* WTMMenuSection.h */,
				E5388361177C95EB00A14201 /* WTMMenuSection.m */,
				E538835D177C95E300A14201 /* WTMCollectionOfMenu.h */,
				E538835E177C95E300A14201 /* WTMCollectionOfMenu.m */,
				E538835A177C8FE700A14201 /* WTMMenu.h */,
				E538835B177C8FE700A14201 /* WTMMenu.m */,
				E542B9BF177C43B700B4F6C5 /* WTMAction.h */,
				E542B9C0177C43B700B4F6C5 /* WTMAction.m */,
				E542B9C1177C43B700B4F6C5 /* WTMActivity.h */,
				E542B9C2177C43B700B4F6C5 /* WTMActivity.m */,
				E542B9C3177C43B700B4F6C5 /* WTMAsset.h */,
				E542B9C4177C43B700B4F6C5 /* WTMAsset.m */,
				E542B9C5177C43B700B4F6C5 /* WTMBehavior.h */,
				E542B9C6177C43B700B4F6C5 /* WTMBehavior.m */,
				E542B9C7177C43B700B4F6C5 /* WTMCollectionOfActivity.h */,
				E542B9C8177C43B700B4F6C5 /* WTMCollectionOfActivity.m */,
				E542B9C9177C43B700B4F6C5 /* WTMCollectionOfDatum.h */,
				E542B9CA177C43B700B4F6C5 /* WTMCollectionOfDatum.m */,
				E542B9CB177C43B700B4F6C5 /* WTMCollectionOfElement.h */,
				E542B9CC177C43B700B4F6C5 /* WTMCollectionOfElement.m */,
				E542B9CD177C43B800B4F6C5 /* WTMCollectionOfGroup.h */,
				E542B9CE177C43B800B4F6C5 /* WTMCollectionOfGroup.m */,
				E542B9CF177C43B800B4F6C5 /* WTMCollectionOfLibrary.h */,
				E542B9D0177C43B800B4F6C5 /* WTMCollectionOfLibrary.m */,
				E542B9D1177C43B800B4F6C5 /* WTMCollectionOfMember.h */,
				E542B9D2177C43B800B4F6C5 /* WTMCollectionOfMember.m */,
				E542B9D3177C43B800B4F6C5 /* WTMCollectionOfPackage.h */,
				E542B9D4177C43B800B4F6C5 /* WTMCollectionOfPackage.m */,
				E542B9D5177C43B800B4F6C5 /* WTMCollectionOfScene.h */,
				E542B9D6177C43B800B4F6C5 /* WTMCollectionOfScene.m */,
				E542B9D7177C43B800B4F6C5 /* WTMCollectionOfUser.h */,
				E542B9D8177C43B800B4F6C5 /* WTMCollectionOfUser.m */,
				E542B9D9177C43B800B4F6C5 /* WTMDatum.h */,
				E542B9DA177C43B800B4F6C5 /* WTMDatum.m */,
				E542B9DB177C43B800B4F6C5 /* WTMElement.h */,
				E542B9DC177C43B800B4F6C5 /* WTMElement.m */,
				E542B9DF177C43B800B4F6C5 /* WTMGroup.h */,
				E542B9E0177C43B800B4F6C5 /* WTMGroup.m */,
				E542B9E1177C43B800B4F6C5 /* WTMHtml.h */,
				E542B9E2177C43B800B4F6C5 /* WTMHtml.m */,
				E542B9E3177C43B800B4F6C5 /* WTMHyperlink.h */,
				E542B9E4177C43B800B4F6C5 /* WTMHyperlink.m */,
				E542B9E5177C43B800B4F6C5 /* WTMImage.h */,
				E542B9E6177C43B800B4F6C5 /* WTMImage.m */,
				E542B9E7177C43B800B4F6C5 /* WTMLabel.h */,
				E542B9E8177C43B800B4F6C5 /* WTMLabel.m */,
				E542B9E9177C43B800B4F6C5 /* WTMLangDictionary.h */,
				E542B9EA177C43B800B4F6C5 /* WTMLangDictionary.m */,
				E542B9EB177C43B800B4F6C5 /* WTMLibrary.h */,
				E542B9EC177C43B800B4F6C5 /* WTMLibrary.m */,
				E542B9ED177C43B800B4F6C5 /* WTMLinkedAsset.h */,
				E542B9EE177C43B800B4F6C5 /* WTMLinkedAsset.m */,
				E542B9EF177C43B800B4F6C5 /* WTMMember.h */,
				E542B9F0177C43B800B4F6C5 /* WTMMember.m */,
				E542B9F1177C43B800B4F6C5 /* WTMOperand.h */,
				E542B9F2177C43B800B4F6C5 /* WTMOperand.m */,
				E542B9F3177C43B800B4F6C5 /* WTMOperator.h */,
				E542B9F4177C43B800B4F6C5 /* WTMOperator.m */,
				E542B9F5177C43B800B4F6C5 /* WTMPackage.h */,
				E542B9F6177C43B800B4F6C5 /* WTMPackage.m */,
				E542B9F7177C43B800B4F6C5 /* WTMPdf.h */,
				E542B9F8177C43B800B4F6C5 /* WTMPdf.m */,
				E542B9F9177C43B800B4F6C5 /* WTMRule.h */,
				E542B9FA177C43B800B4F6C5 /* WTMRule.m */,
				E542B9FB177C43B800B4F6C5 /* WTMScene.h */,
				E542B9FC177C43B800B4F6C5 /* WTMScene.m */,
				E542B9FD177C43B800B4F6C5 /* WTMShelf.h */,
				E542B9FE177C43B800B4F6C5 /* WTMShelf.m */,
				E542B9FF177C43B800B4F6C5 /* WTMSound.h */,
				E542BA00177C43B800B4F6C5 /* WTMSound.m */,
				E542BA01177C43B800B4F6C5 /* WTMUser.h */,
				E542BA02177C43B800B4F6C5 /* WTMUser.m */,
				E542BA03177C43B800B4F6C5 /* WTMVideo.h */,
				E542BA04177C43B800B4F6C5 /* WTMVideo.m */,
			);
			path = Models;
			sourceTree = "<group>";
		};
		E5B462381732A4A000E654A1 = {
			isa = PBXGroup;
			children = (
				E52D1C6E1734F32C0043C615 /* WattPlayer */,
				E5B4624A1732A4A000E654A1 /* PlayerSample */,
				E5B462431732A4A000E654A1 /* Frameworks */,
				E5B462421732A4A000E654A1 /* Products */,
			);
			sourceTree = "<group>";
		};
		E5B462421732A4A000E654A1 /* Products */ = {
			isa = PBXGroup;
			children = (
				E5B462411732A4A000E654A1 /* PlayerSample.app */,
				E5998FFA174CB1AA0066EFE8 /* PlayerSample copy.app */,
			);
			name = Products;
			sourceTree = "<group>";
		};
		E5B462431732A4A000E654A1 /* Frameworks */ = {
			isa = PBXGroup;
			children = (
				E5B462441732A4A000E654A1 /* UIKit.framework */,
				E5B462461732A4A000E654A1 /* Foundation.framework */,
				E5B462481732A4A000E654A1 /* CoreGraphics.framework */,
			);
			name = Frameworks;
			sourceTree = "<group>";
		};
		E5B4624A1732A4A000E654A1 /* PlayerSample */ = {
			isa = PBXGroup;
			children = (
				E5C5D9451746719200A6A46F /* WTMViewController.h */,
				E5C5D9461746719200A6A46F /* WTMViewController.m */,
				E5B462531732A4A000E654A1 /* WTMAppDelegate.h */,
				E5B462541732A4A000E654A1 /* WTMAppDelegate.m */,
				E5B4625C1732A4A000E654A1 /* MainStoryboard_iPhone.storyboard */,
				E5B4625F1732A4A000E654A1 /* MainStoryboard_iPad.storyboard */,
				E5B4624B1732A4A000E654A1 /* Supporting Files */,
			);
			path = PlayerSample;
			sourceTree = "<group>";
		};
		E5B4624B1732A4A000E654A1 /* Supporting Files */ = {
			isa = PBXGroup;
			children = (
				E5B4624C1732A4A000E654A1 /* PlayerSample-Info.plist */,
				E5B4624D1732A4A000E654A1 /* InfoPlist.strings */,
				E5B462501732A4A000E654A1 /* main.m */,
				E5B462521732A4A000E654A1 /* PlayerSample-Prefix.pch */,
				E5B462561732A4A000E654A1 /* Default.png */,
				E5B462581732A4A000E654A1 /* Default@2x.png */,
				E5B4625A1732A4A000E654A1 /* Default-568h@2x.png */,
			);
			name = "Supporting Files";
			sourceTree = "<group>";
		};
		E5DE3ACD174CF797005937DC /* Core */ = {
			isa = PBXGroup;
			children = (
				E5DE3ACE174CF797005937DC /* WattApi.h */,
				E5DE3ACF174CF797005937DC /* WattApi.m */,
				E5DE3AD4174CF797005937DC /* WattObject.h */,
				E5DE3AD5174CF797005937DC /* WattObject.m */,
				E5DE3AD0174CF797005937DC /* WattCollectionOfObject.h */,
				E5DE3AD1174CF797005937DC /* WattCollectionOfObject.m */,
				E5DE3AD8174CF797005937DC /* WattRegistry.h */,
				E5DE3AD9174CF797005937DC /* WattRegistry.m */,
			);
			path = Core;
			sourceTree = "<group>";
		};
		E5DE3AE6174CFCF9005937DC /* Generated */ = {
			isa = PBXGroup;
			children = (
				E542B935177C43B700B4F6C5 /* Models */,
				E5DE3B2E174CFCF9005937DC /* WTMModelsImports.h */,
			);
			path = Generated;
			sourceTree = "<group>";
		};
/* End PBXGroup section */

/* Begin PBXNativeTarget section */
		E5998FBA174CB1AA0066EFE8 /* Flexions+PlayerSample */ = {
			isa = PBXNativeTarget;
			buildConfigurationList = E5998FF7174CB1AA0066EFE8 /* Build configuration list for PBXNativeTarget "Flexions+PlayerSample" */;
			buildPhases = (
				E5998FBB174CB1AA0066EFE8 /* Invoke Flexions */,
				E5998FBC174CB1AA0066EFE8 /* Sources */,
				E5998FEC174CB1AA0066EFE8 /* Frameworks */,
				E5998FF0174CB1AA0066EFE8 /* Resources */,
			);
			buildRules = (
			);
			dependencies = (
			);
			name = "Flexions+PlayerSample";
			productName = PlayerSample;
			productReference = E5998FFA174CB1AA0066EFE8 /* PlayerSample copy.app */;
			productType = "com.apple.product-type.application";
		};
		E5B462401732A4A000E654A1 /* PlayerSample */ = {
			isa = PBXNativeTarget;
			buildConfigurationList = E5B462671732A4A000E654A1 /* Build configuration list for PBXNativeTarget "PlayerSample" */;
			buildPhases = (
				E5B4623D1732A4A000E654A1 /* Sources */,
				E5B4623E1732A4A000E654A1 /* Frameworks */,
				E5B4623F1732A4A000E654A1 /* Resources */,
			);
			buildRules = (
			);
			dependencies = (
			);
			name = PlayerSample;
			productName = PlayerSample;
			productReference = E5B462411732A4A000E654A1 /* PlayerSample.app */;
			productType = "com.apple.product-type.application";
		};
/* End PBXNativeTarget section */

/* Begin PBXProject section */
		E5B462391732A4A000E654A1 /* Project object */ = {
			isa = PBXProject;
			attributes = {
				CLASSPREFIX = WTM;
				LastUpgradeCheck = 0460;
				ORGANIZATIONNAME = "Pereira da Silva";
			};
			buildConfigurationList = E5B4623C1732A4A000E654A1 /* Build configuration list for PBXProject "PlayerSample" */;
			compatibilityVersion = "Xcode 3.2";
			developmentRegion = English;
			hasScannedForEncodings = 0;
			knownRegions = (
				en,
			);
			mainGroup = E5B462381732A4A000E654A1;
			productRefGroup = E5B462421732A4A000E654A1 /* Products */;
			projectDirPath = "";
			projectRoot = "";
			targets = (
				E5B462401732A4A000E654A1 /* PlayerSample */,
				E5998FBA174CB1AA0066EFE8 /* Flexions+PlayerSample */,
			);
		};
/* End PBXProject section */

/* Begin PBXResourcesBuildPhase section */
		E5998FF0174CB1AA0066EFE8 /* Resources */ = {
			isa = PBXResourcesBuildPhase;
			buildActionMask = 2147483647;
			files = (
				E5998FF1174CB1AA0066EFE8 /* InfoPlist.strings in Resources */,
				E5998FF2174CB1AA0066EFE8 /* Default.png in Resources */,
				E5998FF3174CB1AA0066EFE8 /* Default@2x.png in Resources */,
				E5998FF4174CB1AA0066EFE8 /* Default-568h@2x.png in Resources */,
				E5998FF5174CB1AA0066EFE8 /* MainStoryboard_iPhone.storyboard in Resources */,
				E5998FF6174CB1AA0066EFE8 /* MainStoryboard_iPad.storyboard in Resources */,
			);
			runOnlyForDeploymentPostprocessing = 0;
		};
		E5B4623F1732A4A000E654A1 /* Resources */ = {
			isa = PBXResourcesBuildPhase;
			buildActionMask = 2147483647;
			files = (
				E5B4624F1732A4A000E654A1 /* InfoPlist.strings in Resources */,
				E5B462571732A4A000E654A1 /* Default.png in Resources */,
				E5B462591732A4A000E654A1 /* Default@2x.png in Resources */,
				E5B4625B1732A4A000E654A1 /* Default-568h@2x.png in Resources */,
				E5B4625E1732A4A000E654A1 /* MainStoryboard_iPhone.storyboard in Resources */,
				E5B462611732A4A000E654A1 /* MainStoryboard_iPad.storyboard in Resources */,
			);
			runOnlyForDeploymentPostprocessing = 0;
		};
/* End PBXResourcesBuildPhase section */

/* Begin PBXShellScriptBuildPhase section */
		E5998FBB174CB1AA0066EFE8 /* Invoke Flexions */ = {
			isa = PBXShellScriptBuildPhase;
			buildActionMask = 2147483647;
			files = (
			);
			inputPaths = (
			);
			name = "Invoke Flexions";
			outputPaths = (
			);
			runOnlyForDeploymentPostprocessing = 0;
			shellPath = /bin/sh;
			shellScript = "cd ../../Flexions/WattPlayer/\n. flexions.sh";
		};
/* End PBXShellScriptBuildPhase section */

/* Begin PBXSourcesBuildPhase section */
		E5998FBC174CB1AA0066EFE8 /* Sources */ = {
			isa = PBXSourcesBuildPhase;
			buildActionMask = 2147483647;
			files = (
				E5998FBD174CB1AA0066EFE8 /* main.m in Sources */,
				E5998FBE174CB1AA0066EFE8 /* WTMAppDelegate.m in Sources */,
				E5998FE9174CB1AA0066EFE8 /* WTMViewController.m in Sources */,
				E5998FEA174CB1AA0066EFE8 /* WattMPackager.m in Sources */,
				E5DE3ADB174CF797005937DC /* WattApi.m in Sources */,
				E5DE3ADD174CF797005937DC /* WattCollectionOfObject.m in Sources */,
				E5DE3AE1174CF797005937DC /* WattObject.m in Sources */,
				E5DE3AE5174CF797005937DC /* WattRegistry.m in Sources */,
				E542BA08177C43B800B4F6C5 /* WTMAction.m in Sources */,
				E542BA0A177C43B800B4F6C5 /* WTMActivity.m in Sources */,
				E542BA0C177C43B800B4F6C5 /* WTMAsset.m in Sources */,
				E542BA0E177C43B800B4F6C5 /* WTMBehavior.m in Sources */,
				E542BA10177C43B800B4F6C5 /* WTMCollectionOfActivity.m in Sources */,
				E542BA12177C43B800B4F6C5 /* WTMCollectionOfDatum.m in Sources */,
				E542BA14177C43B800B4F6C5 /* WTMCollectionOfElement.m in Sources */,
				E542BA16177C43B800B4F6C5 /* WTMCollectionOfGroup.m in Sources */,
				E542BA18177C43B800B4F6C5 /* WTMCollectionOfLibrary.m in Sources */,
				E542BA1A177C43B800B4F6C5 /* WTMCollectionOfMember.m in Sources */,
				E542BA1C177C43B800B4F6C5 /* WTMCollectionOfPackage.m in Sources */,
				E542BA1E177C43B800B4F6C5 /* WTMCollectionOfScene.m in Sources */,
				E542BA20177C43B800B4F6C5 /* WTMCollectionOfUser.m in Sources */,
				E542BA22177C43B800B4F6C5 /* WTMDatum.m in Sources */,
				E542BA24177C43B800B4F6C5 /* WTMElement.m in Sources */,
				E542BA28177C43B800B4F6C5 /* WTMGroup.m in Sources */,
				E542BA2A177C43B800B4F6C5 /* WTMHtml.m in Sources */,
				E542BA2C177C43B800B4F6C5 /* WTMHyperlink.m in Sources */,
				E542BA2E177C43B800B4F6C5 /* WTMImage.m in Sources */,
				E542BA30177C43B800B4F6C5 /* WTMLabel.m in Sources */,
				E542BA32177C43B800B4F6C5 /* WTMLangDictionary.m in Sources */,
				E542BA34177C43B800B4F6C5 /* WTMLibrary.m in Sources */,
				E542BA36177C43B800B4F6C5 /* WTMLinkedAsset.m in Sources */,
				E542BA38177C43B800B4F6C5 /* WTMMember.m in Sources */,
				E542BA3A177C43B800B4F6C5 /* WTMOperand.m in Sources */,
				E542BA3C177C43B800B4F6C5 /* WTMOperator.m in Sources */,
				E542BA3E177C43B800B4F6C5 /* WTMPackage.m in Sources */,
				E542BA40177C43B800B4F6C5 /* WTMPdf.m in Sources */,
				E542BA42177C43B800B4F6C5 /* WTMRule.m in Sources */,
				E542BA44177C43B800B4F6C5 /* WTMScene.m in Sources */,
				E542BA46177C43B800B4F6C5 /* WTMShelf.m in Sources */,
				E542BA48177C43B800B4F6C5 /* WTMSound.m in Sources */,
				E542BA4A177C43B800B4F6C5 /* WTMUser.m in Sources */,
				E542BA4C177C43B800B4F6C5 /* WTMVideo.m in Sources */,
			);
			runOnlyForDeploymentPostprocessing = 0;
		};
		E5B4623D1732A4A000E654A1 /* Sources */ = {
			isa = PBXSourcesBuildPhase;
			buildActionMask = 2147483647;
			files = (
				E5B462511732A4A000E654A1 /* main.m in Sources */,
				E5B462551732A4A000E654A1 /* WTMAppDelegate.m in Sources */,
				E5C5D9471746719200A6A46F /* WTMViewController.m in Sources */,
				E5C5D94A174671F500A6A46F /* WattMPackager.m in Sources */,
				E5DE3ADA174CF797005937DC /* WattApi.m in Sources */,
				E5DE3ADC174CF797005937DC /* WattCollectionOfObject.m in Sources */,
				E5DE3AE0174CF797005937DC /* WattObject.m in Sources */,
				E5DE3AE4174CF797005937DC /* WattRegistry.m in Sources */,
				E542BA07177C43B800B4F6C5 /* WTMAction.m in Sources */,
				E542BA09177C43B800B4F6C5 /* WTMActivity.m in Sources */,
				E542BA0B177C43B800B4F6C5 /* WTMAsset.m in Sources */,
				E542BA0D177C43B800B4F6C5 /* WTMBehavior.m in Sources */,
				E542BA0F177C43B800B4F6C5 /* WTMCollectionOfActivity.m in Sources */,
				E542BA11177C43B800B4F6C5 /* WTMCollectionOfDatum.m in Sources */,
				E542BA13177C43B800B4F6C5 /* WTMCollectionOfElement.m in Sources */,
				E542BA15177C43B800B4F6C5 /* WTMCollectionOfGroup.m in Sources */,
				E542BA17177C43B800B4F6C5 /* WTMCollectionOfLibrary.m in Sources */,
				E542BA19177C43B800B4F6C5 /* WTMCollectionOfMember.m in Sources */,
				E542BA1B177C43B800B4F6C5 /* WTMCollectionOfPackage.m in Sources */,
				E542BA1D177C43B800B4F6C5 /* WTMCollectionOfScene.m in Sources */,
				E542BA1F177C43B800B4F6C5 /* WTMCollectionOfUser.m in Sources */,
				E542BA21177C43B800B4F6C5 /* WTMDatum.m in Sources */,
				E542BA23177C43B800B4F6C5 /* WTMElement.m in Sources */,
				E542BA27177C43B800B4F6C5 /* WTMGroup.m in Sources */,
				E542BA29177C43B800B4F6C5 /* WTMHtml.m in Sources */,
				E542BA2B177C43B800B4F6C5 /* WTMHyperlink.m in Sources */,
				E542BA2D177C43B800B4F6C5 /* WTMImage.m in Sources */,
				E542BA2F177C43B800B4F6C5 /* WTMLabel.m in Sources */,
				E542BA31177C43B800B4F6C5 /* WTMLangDictionary.m in Sources */,
				E542BA33177C43B800B4F6C5 /* WTMLibrary.m in Sources */,
				E542BA35177C43B800B4F6C5 /* WTMLinkedAsset.m in Sources */,
				E542BA37177C43B800B4F6C5 /* WTMMember.m in Sources */,
				E542BA39177C43B800B4F6C5 /* WTMOperand.m in Sources */,
				E542BA3B177C43B800B4F6C5 /* WTMOperator.m in Sources */,
				E542BA3D177C43B800B4F6C5 /* WTMPackage.m in Sources */,
				E542BA3F177C43B800B4F6C5 /* WTMPdf.m in Sources */,
				E542BA41177C43B800B4F6C5 /* WTMRule.m in Sources */,
				E542BA43177C43B800B4F6C5 /* WTMScene.m in Sources */,
				E542BA45177C43B800B4F6C5 /* WTMShelf.m in Sources */,
				E542BA47177C43B800B4F6C5 /* WTMSound.m in Sources */,
				E542BA49177C43B800B4F6C5 /* WTMUser.m in Sources */,
				E542BA4B177C43B800B4F6C5 /* WTMVideo.m in Sources */,
				E538835C177C8FE700A14201 /* WTMMenu.m in Sources */,
				E538835F177C95E300A14201 /* WTMCollectionOfMenu.m in Sources */,
				E5388362177C95EB00A14201 /* WTMMenuSection.m in Sources */,
			);
			runOnlyForDeploymentPostprocessing = 0;
		};
/* End PBXSourcesBuildPhase section */

/* Begin PBXVariantGroup section */
		E5B4624D1732A4A000E654A1 /* InfoPlist.strings */ = {
			isa = PBXVariantGroup;
			children = (
				E5B4624E1732A4A000E654A1 /* en */,
			);
			name = InfoPlist.strings;
			sourceTree = "<group>";
		};
		E5B4625C1732A4A000E654A1 /* MainStoryboard_iPhone.storyboard */ = {
			isa = PBXVariantGroup;
			children = (
				E5B4625D1732A4A000E654A1 /* en */,
			);
			name = MainStoryboard_iPhone.storyboard;
			sourceTree = "<group>";
		};
		E5B4625F1732A4A000E654A1 /* MainStoryboard_iPad.storyboard */ = {
			isa = PBXVariantGroup;
			children = (
				E5B462601732A4A000E654A1 /* en */,
			);
			name = MainStoryboard_iPad.storyboard;
			sourceTree = "<group>";
		};
/* End PBXVariantGroup section */

/* Begin XCBuildConfiguration section */
		E5998FF8174CB1AA0066EFE8 /* Debug */ = {
			isa = XCBuildConfiguration;
			buildSettings = {
				GCC_PRECOMPILE_PREFIX_HEADER = YES;
				GCC_PREFIX_HEADER = "PlayerSample/PlayerSample-Prefix.pch";
				INFOPLIST_FILE = "$(SRCROOT)/PlayerSample/PlayerSample-Info.plist";
				PRODUCT_NAME = "PlayerSample copy";
				WRAPPER_EXTENSION = app;
			};
			name = Debug;
		};
		E5998FF9174CB1AA0066EFE8 /* Release */ = {
			isa = XCBuildConfiguration;
			buildSettings = {
				GCC_PRECOMPILE_PREFIX_HEADER = YES;
				GCC_PREFIX_HEADER = "PlayerSample/PlayerSample-Prefix.pch";
				INFOPLIST_FILE = "$(SRCROOT)/PlayerSample/PlayerSample-Info.plist";
				PRODUCT_NAME = "PlayerSample copy";
				WRAPPER_EXTENSION = app;
			};
			name = Release;
		};
		E5B462651732A4A000E654A1 /* Debug */ = {
			isa = XCBuildConfiguration;
			buildSettings = {
				ALWAYS_SEARCH_USER_PATHS = NO;
				CLANG_CXX_LANGUAGE_STANDARD = "gnu++0x";
				CLANG_CXX_LIBRARY = "libc++";
				CLANG_ENABLE_OBJC_ARC = YES;
				CLANG_WARN_CONSTANT_CONVERSION = YES;
				CLANG_WARN_EMPTY_BODY = YES;
				CLANG_WARN_ENUM_CONVERSION = YES;
				CLANG_WARN_INT_CONVERSION = YES;
				CLANG_WARN__DUPLICATE_METHOD_MATCH = YES;
				"CODE_SIGN_IDENTITY[sdk=iphoneos*]" = "iPhone Developer";
				COPY_PHASE_STRIP = NO;
				GCC_C_LANGUAGE_STANDARD = gnu99;
				GCC_DYNAMIC_NO_PIC = NO;
				GCC_OPTIMIZATION_LEVEL = 0;
				GCC_PREPROCESSOR_DEFINITIONS = (
					"DEBUG=1",
					"$(inherited)",
				);
				GCC_SYMBOLS_PRIVATE_EXTERN = NO;
				GCC_WARN_ABOUT_RETURN_TYPE = YES;
				GCC_WARN_UNINITIALIZED_AUTOS = YES;
				GCC_WARN_UNUSED_VARIABLE = YES;
				IPHONEOS_DEPLOYMENT_TARGET = 6.1;
				ONLY_ACTIVE_ARCH = YES;
				SDKROOT = iphoneos;
				TARGETED_DEVICE_FAMILY = "1,2";
			};
			name = Debug;
		};
		E5B462661732A4A000E654A1 /* Release */ = {
			isa = XCBuildConfiguration;
			buildSettings = {
				ALWAYS_SEARCH_USER_PATHS = NO;
				CLANG_CXX_LANGUAGE_STANDARD = "gnu++0x";
				CLANG_CXX_LIBRARY = "libc++";
				CLANG_ENABLE_OBJC_ARC = YES;
				CLANG_WARN_CONSTANT_CONVERSION = YES;
				CLANG_WARN_EMPTY_BODY = YES;
				CLANG_WARN_ENUM_CONVERSION = YES;
				CLANG_WARN_INT_CONVERSION = YES;
				CLANG_WARN__DUPLICATE_METHOD_MATCH = YES;
				"CODE_SIGN_IDENTITY[sdk=iphoneos*]" = "iPhone Developer";
				COPY_PHASE_STRIP = YES;
				GCC_C_LANGUAGE_STANDARD = gnu99;
				GCC_WARN_ABOUT_RETURN_TYPE = YES;
				GCC_WARN_UNINITIALIZED_AUTOS = YES;
				GCC_WARN_UNUSED_VARIABLE = YES;
				IPHONEOS_DEPLOYMENT_TARGET = 6.1;
				OTHER_CFLAGS = "-DNS_BLOCK_ASSERTIONS=1";
				SDKROOT = iphoneos;
				TARGETED_DEVICE_FAMILY = "1,2";
				VALIDATE_PRODUCT = YES;
			};
			name = Release;
		};
		E5B462681732A4A000E654A1 /* Debug */ = {
			isa = XCBuildConfiguration;
			buildSettings = {
				GCC_PRECOMPILE_PREFIX_HEADER = YES;
				GCC_PREFIX_HEADER = "PlayerSample/PlayerSample-Prefix.pch";
				INFOPLIST_FILE = "PlayerSample/PlayerSample-Info.plist";
				IPHONEOS_DEPLOYMENT_TARGET = 5.0;
				PRODUCT_NAME = "$(TARGET_NAME)";
				WRAPPER_EXTENSION = app;
			};
			name = Debug;
		};
		E5B462691732A4A000E654A1 /* Release */ = {
			isa = XCBuildConfiguration;
			buildSettings = {
				GCC_PRECOMPILE_PREFIX_HEADER = YES;
				GCC_PREFIX_HEADER = "PlayerSample/PlayerSample-Prefix.pch";
				INFOPLIST_FILE = "PlayerSample/PlayerSample-Info.plist";
				IPHONEOS_DEPLOYMENT_TARGET = 5.0;
				PRODUCT_NAME = "$(TARGET_NAME)";
				WRAPPER_EXTENSION = app;
			};
			name = Release;
		};
/* End XCBuildConfiguration section */

/* Begin XCConfigurationList section */
		E5998FF7174CB1AA0066EFE8 /* Build configuration list for PBXNativeTarget "Flexions+PlayerSample" */ = {
			isa = XCConfigurationList;
			buildConfigurations = (
				E5998FF8174CB1AA0066EFE8 /* Debug */,
				E5998FF9174CB1AA0066EFE8 /* Release */,
			);
			defaultConfigurationIsVisible = 0;
			defaultConfigurationName = Release;
		};
		E5B4623C1732A4A000E654A1 /* Build configuration list for PBXProject "PlayerSample" */ = {
			isa = XCConfigurationList;
			buildConfigurations = (
				E5B462651732A4A000E654A1 /* Debug */,
				E5B462661732A4A000E654A1 /* Release */,
			);
			defaultConfigurationIsVisible = 0;
			defaultConfigurationName = Release;
		};
		E5B462671732A4A000E654A1 /* Build configuration list for PBXNativeTarget "PlayerSample" */ = {
			isa = XCConfigurationList;
			buildConfigurations = (
				E5B462681732A4A000E654A1 /* Debug */,
				E5B462691732A4A000E654A1 /* Release */,
			);
			defaultConfigurationIsVisible = 0;
			defaultConfigurationName = Release;
		};
/* End XCConfigurationList section */
	};
	rootObject = E5B462391732A4A000E654A1 /* Project object */;
}
