PODS:
  - SSZipArchive (0.3.2)
  - Watt (1.40):
    - Watt/WattBase (= 1.40)
  - Watt/WattBase (1.40)
  - Watt/WattPackager (1.40):
    - SSZipArchive
  - Watt/WTM (1.40)
  - Watt/WTMIOS (1.40)

DEPENDENCIES:
  - Watt (from `Watt.podspec`)
  - Watt/WattPackager (from `Watt.podspec`)
  - Watt/WTM (from `Watt.podspec`)
  - Watt/WTMIOS (from `Watt.podspec`)

EXTERNAL SOURCES:
  Watt:
    :path: Watt.podspec

SPEC CHECKSUMS:
  SSZipArchive: 11299a4e89821bd4085b12f25edaa85853e0051c
  Watt: e29b736f9c5cc93e2b4bac15f70bfb2a31e1a054

COCOAPODS: 0.35.0
